Microsoft Visual Studio Solution File, Format Version 11.00
# Visual Studio 2010
Project("{2150E333-8FDC-42A3-9474-1A3956D46DE8}") = "LOCAL_Projects", "LOCAL_Projects", "{AAAA1000-0000-AAAA-0123-456789ABCDEF}"
EndProject
Project("{2150E333-8FDC-42A3-9474-1A3956D46DE8}") = "_dumpImageSize", "_dumpImageSize", "{AAAA1001-0000-AAAA-0123-456789ABCDEF}"
EndProject
Project("{2150E333-8FDC-42A3-9474-1A3956D46DE8}") = "_rmld", "_rmld", "{AAAA1002-0000-AAAA-0123-456789ABCDEF}"
EndProject
Project("{2150E333-8FDC-42A3-9474-1A3956D46DE8}") = "_hook", "_hook", "{AAAA1003-0000-AAAA-0123-456789ABCDEF}"
EndProject
Project("{2150E333-8FDC-42A3-9474-1A3956D46DE8}") = "GNU_Projects", "GNU_Projects", "{AAAA2000-0000-AAAA-0123-456789ABCDEF}"
EndProject
Project("{2150E333-8FDC-42A3-9474-1A3956D46DE8}") = "_zlib", "_zlib", "{AAAA2001-0000-AAAA-0123-456789ABCDEF}"
EndProject
Project("{2150E333-8FDC-42A3-9474-1A3956D46DE8}") = "_sigc++", "_sigc++", "{AAAA2002-0000-AAAA-0123-456789ABCDEF}"
EndProject
Project("{2150E333-8FDC-42A3-9474-1A3956D46DE8}") = "_gmp", "_gmp", "{AAAA2004-0000-AAAA-0123-456789ABCDEF}"
EndProject
Project("{2150E333-8FDC-42A3-9474-1A3956D46DE8}") = "_png", "_png", "{AAAA2006-0000-AAAA-0123-456789ABCDEF}"
EndProject
Project("{2150E333-8FDC-42A3-9474-1A3956D46DE8}") = "_xmlrpc-c", "_xmlrpc-c", "{AAAA200B-0000-AAAA-0123-456789ABCDEF}"
EndProject
Project("{2150E333-8FDC-42A3-9474-1A3956D46DE8}") = "_cppunit", "_cppunit", "{AAAA200C-0000-AAAA-0123-456789ABCDEF}"
EndProject
Project("{2150E333-8FDC-42A3-9474-1A3956D46DE8}") = "_blitz", "_blitz", "{AAAA200D-0000-AAAA-0123-456789ABCDEF}"
EndProject
Project("{8BC9CEB8-8B4A-11D0-8D11-00A0C91BC942}") = ".dumpImageSize", ".dumpImageSize\.dumpImageSize.vcxproj", "{AAAA1001-8001-AAAA-0123-456789ABCDEF}"
EndProject
Project("{8BC9CEB8-8B4A-11D0-8D11-00A0C91BC942}") = ".rmld", ".rmld\.rmld.vcxproj", "{AAAA1002-8001-AAAA-0123-456789ABCDEF}"
	ProjectSection(ProjectDependencies) = postProject
		{AAAA1001-8001-AAAA-0123-456789ABCDEF} = {AAAA1001-8001-AAAA-0123-456789ABCDEF}
	EndProjectSection
EndProject
Project("{8BC9CEB8-8B4A-11D0-8D11-00A0C91BC942}") = ".hook", ".hook\.hook.vcxproj", "{AAAA1003-8001-AAAA-0123-456789ABCDEF}"
	ProjectSection(ProjectDependencies) = postProject
		{AAAA1001-8001-AAAA-0123-456789ABCDEF} = {AAAA1001-8001-AAAA-0123-456789ABCDEF}
	EndProjectSection
EndProject
Project("{8BC9CEB8-8B4A-11D0-8D11-00A0C91BC942}") = "zlib", "zlib\zlib.vcxproj", "{AAAA2001-8001-AAAA-0123-456789ABCDEF}"
	ProjectSection(ProjectDependencies) = postProject
		{AAAA1001-8001-AAAA-0123-456789ABCDEF} = {AAAA1001-8001-AAAA-0123-456789ABCDEF}
	EndProjectSection
EndProject
Project("{8BC9CEB8-8B4A-11D0-8D11-00A0C91BC942}") = "sigc++", "sigc++\sigc++.vcxproj", "{AAAA2002-8001-AAAA-0123-456789ABCDEF}"
	ProjectSection(ProjectDependencies) = postProject
		{AAAA1001-8001-AAAA-0123-456789ABCDEF} = {AAAA1001-8001-AAAA-0123-456789ABCDEF}
	EndProjectSection
EndProject
Project("{8BC9CEB8-8B4A-11D0-8D11-00A0C91BC942}") = "gmp", "gmp\gmp.vcxproj", "{AAAA2004-8001-AAAA-0123-456789ABCDEF}"
	ProjectSection(ProjectDependencies) = postProject
		{AAAA1001-8001-AAAA-0123-456789ABCDEF} = {AAAA1001-8001-AAAA-0123-456789ABCDEF}
	EndProjectSection
EndProject
Project("{8BC9CEB8-8B4A-11D0-8D11-00A0C91BC942}") = "gmpxx", "gmp\gmpxx.vcxproj", "{AAAA2004-8002-AAAA-0123-456789ABCDEF}"
	ProjectSection(ProjectDependencies) = postProject
		{AAAA1001-8001-AAAA-0123-456789ABCDEF} = {AAAA1001-8001-AAAA-0123-456789ABCDEF}
		{AAAA2004-8001-AAAA-0123-456789ABCDEF} = {AAAA2004-8001-AAAA-0123-456789ABCDEF}
	EndProjectSection
EndProject
Project("{8BC9CEB8-8B4A-11D0-8D11-00A0C91BC942}") = "png", "png\png.vcxproj", "{AAAA2006-8001-AAAA-0123-456789ABCDEF}"
	ProjectSection(ProjectDependencies) = postProject
		{AAAA1001-8001-AAAA-0123-456789ABCDEF} = {AAAA1001-8001-AAAA-0123-456789ABCDEF}
		{AAAA2001-8001-AAAA-0123-456789ABCDEF} = {AAAA2001-8001-AAAA-0123-456789ABCDEF}
	EndProjectSection
EndProject
Project("{8BC9CEB8-8B4A-11D0-8D11-00A0C91BC942}") = "xmlrpc_util", "xmlrpc-c\xmlrpc_util.vcxproj", "{AAAA200B-8001-AAAA-0123-456789ABCDEF}"
	ProjectSection(ProjectDependencies) = postProject
		{AAAA1001-8001-AAAA-0123-456789ABCDEF} = {AAAA1001-8001-AAAA-0123-456789ABCDEF}
	EndProjectSection
EndProject
Project("{8BC9CEB8-8B4A-11D0-8D11-00A0C91BC942}") = "xmlrpc_xmltok", "xmlrpc-c\xmlrpc_xmltok.vcxproj", "{AAAA200B-8002-AAAA-0123-456789ABCDEF}"
	ProjectSection(ProjectDependencies) = postProject
		{AAAA1001-8001-AAAA-0123-456789ABCDEF} = {AAAA1001-8001-AAAA-0123-456789ABCDEF}
	EndProjectSection
EndProject
Project("{8BC9CEB8-8B4A-11D0-8D11-00A0C91BC942}") = "xmlrpc_xmlparse", "xmlrpc-c\xmlrpc_xmlparse.vcxproj", "{AAAA200B-8003-AAAA-0123-456789ABCDEF}"
	ProjectSection(ProjectDependencies) = postProject
		{AAAA1001-8001-AAAA-0123-456789ABCDEF} = {AAAA1001-8001-AAAA-0123-456789ABCDEF}
		{AAAA200B-8001-AAAA-0123-456789ABCDEF} = {AAAA200B-8001-AAAA-0123-456789ABCDEF}
		{AAAA200B-8002-AAAA-0123-456789ABCDEF} = {AAAA200B-8002-AAAA-0123-456789ABCDEF}
	EndProjectSection
EndProject
Project("{8BC9CEB8-8B4A-11D0-8D11-00A0C91BC942}") = "xmlrpc", "xmlrpc-c\xmlrpc.vcxproj", "{AAAA200B-8004-AAAA-0123-456789ABCDEF}"
	ProjectSection(ProjectDependencies) = postProject
		{AAAA1001-8001-AAAA-0123-456789ABCDEF} = {AAAA1001-8001-AAAA-0123-456789ABCDEF}
		{AAAA200B-8001-AAAA-0123-456789ABCDEF} = {AAAA200B-8001-AAAA-0123-456789ABCDEF}
		{AAAA200B-8003-AAAA-0123-456789ABCDEF} = {AAAA200B-8003-AAAA-0123-456789ABCDEF}
	EndProjectSection
EndProject
Project("{8BC9CEB8-8B4A-11D0-8D11-00A0C91BC942}") = "xmlrpc_abyss", "xmlrpc-c\xmlrpc_abyss.vcxproj", "{AAAA200B-8005-AAAA-0123-456789ABCDEF}"
	ProjectSection(ProjectDependencies) = postProject
		{AAAA1001-8001-AAAA-0123-456789ABCDEF} = {AAAA1001-8001-AAAA-0123-456789ABCDEF}
		{AAAA200B-8001-AAAA-0123-456789ABCDEF} = {AAAA200B-8001-AAAA-0123-456789ABCDEF}
	EndProjectSection
EndProject
Project("{8BC9CEB8-8B4A-11D0-8D11-00A0C91BC942}") = "xmlrpc_client", "xmlrpc-c\xmlrpc_client.vcxproj", "{AAAA200B-8006-AAAA-0123-456789ABCDEF}"
	ProjectSection(ProjectDependencies) = postProject
		{AAAA1001-8001-AAAA-0123-456789ABCDEF} = {AAAA1001-8001-AAAA-0123-456789ABCDEF}
		{AAAA200B-8001-AAAA-0123-456789ABCDEF} = {AAAA200B-8001-AAAA-0123-456789ABCDEF}
		{AAAA200B-8004-AAAA-0123-456789ABCDEF} = {AAAA200B-8004-AAAA-0123-456789ABCDEF}
	EndProjectSection
EndProject
Project("{8BC9CEB8-8B4A-11D0-8D11-00A0C91BC942}") = "xmlrpc_server", "xmlrpc-c\xmlrpc_server.vcxproj", "{AAAA200B-8007-AAAA-0123-456789ABCDEF}"
	ProjectSection(ProjectDependencies) = postProject
		{AAAA1001-8001-AAAA-0123-456789ABCDEF} = {AAAA1001-8001-AAAA-0123-456789ABCDEF}
		{AAAA200B-8001-AAAA-0123-456789ABCDEF} = {AAAA200B-8001-AAAA-0123-456789ABCDEF}
		{AAAA200B-8004-AAAA-0123-456789ABCDEF} = {AAAA200B-8004-AAAA-0123-456789ABCDEF}
	EndProjectSection
EndProject
Project("{8BC9CEB8-8B4A-11D0-8D11-00A0C91BC942}") = "xmlrpc_server_abyss", "xmlrpc-c\xmlrpc_server_abyss.vcxproj", "{AAAA200B-8008-AAAA-0123-456789ABCDEF}"
	ProjectSection(ProjectDependencies) = postProject
		{AAAA1001-8001-AAAA-0123-456789ABCDEF} = {AAAA1001-8001-AAAA-0123-456789ABCDEF}
		{AAAA200B-8001-AAAA-0123-456789ABCDEF} = {AAAA200B-8001-AAAA-0123-456789ABCDEF}
		{AAAA200B-8004-AAAA-0123-456789ABCDEF} = {AAAA200B-8004-AAAA-0123-456789ABCDEF}
		{AAAA200B-8005-AAAA-0123-456789ABCDEF} = {AAAA200B-8005-AAAA-0123-456789ABCDEF}
		{AAAA200B-8007-AAAA-0123-456789ABCDEF} = {AAAA200B-8007-AAAA-0123-456789ABCDEF}
	EndProjectSection
EndProject
Project("{8BC9CEB8-8B4A-11D0-8D11-00A0C91BC942}") = "xmlrpc_server_cgi", "xmlrpc-c\xmlrpc_server_cgi.vcxproj", "{AAAA200B-8009-AAAA-0123-456789ABCDEF}"
	ProjectSection(ProjectDependencies) = postProject
		{AAAA1001-8001-AAAA-0123-456789ABCDEF} = {AAAA1001-8001-AAAA-0123-456789ABCDEF}
		{AAAA200B-8001-AAAA-0123-456789ABCDEF} = {AAAA200B-8001-AAAA-0123-456789ABCDEF}
		{AAAA200B-8004-AAAA-0123-456789ABCDEF} = {AAAA200B-8004-AAAA-0123-456789ABCDEF}
		{AAAA200B-8007-AAAA-0123-456789ABCDEF} = {AAAA200B-8007-AAAA-0123-456789ABCDEF}
	EndProjectSection
EndProject
Project("{8BC9CEB8-8B4A-11D0-8D11-00A0C91BC942}") = "xmlrpcxx", "xmlrpc-c\xmlrpcxx.vcxproj", "{AAAA200B-800A-AAAA-0123-456789ABCDEF}"
	ProjectSection(ProjectDependencies) = postProject
		{AAAA1001-8001-AAAA-0123-456789ABCDEF} = {AAAA1001-8001-AAAA-0123-456789ABCDEF}
		{AAAA200B-8001-AAAA-0123-456789ABCDEF} = {AAAA200B-8001-AAAA-0123-456789ABCDEF}
		{AAAA200B-8004-AAAA-0123-456789ABCDEF} = {AAAA200B-8004-AAAA-0123-456789ABCDEF}
		{AAAA200B-8005-AAAA-0123-456789ABCDEF} = {AAAA200B-8005-AAAA-0123-456789ABCDEF}
		{AAAA200B-8006-AAAA-0123-456789ABCDEF} = {AAAA200B-8006-AAAA-0123-456789ABCDEF}
		{AAAA200B-8007-AAAA-0123-456789ABCDEF} = {AAAA200B-8007-AAAA-0123-456789ABCDEF}
		{AAAA200B-8008-AAAA-0123-456789ABCDEF} = {AAAA200B-8008-AAAA-0123-456789ABCDEF}
	EndProjectSection
EndProject
Project("{8BC9CEB8-8B4A-11D0-8D11-00A0C91BC942}") = "cppunit", "cppunit\cppunit.vcxproj", "{AAAA200C-8001-AAAA-0123-456789ABCDEF}"
	ProjectSection(ProjectDependencies) = postProject
		{AAAA1001-8001-AAAA-0123-456789ABCDEF} = {AAAA1001-8001-AAAA-0123-456789ABCDEF}
	EndProjectSection
EndProject
Project("{8BC9CEB8-8B4A-11D0-8D11-00A0C91BC942}") = "blitz", "blitz\blitz.vcxproj", "{AAAA200D-8001-AAAA-0123-456789ABCDEF}"
	ProjectSection(ProjectDependencies) = postProject
		{AAAA1001-8001-AAAA-0123-456789ABCDEF} = {AAAA1001-8001-AAAA-0123-456789ABCDEF}
	EndProjectSection
EndProject
Global
	GlobalSection(SolutionConfigurationPlatforms) = preSolution
		Debug DLL libcmt|Win32 = Debug DLL libcmt|Win32
		Debug DLL libcmt|x64 = Debug DLL libcmt|x64
		Debug DLL libcrt|Win32 = Debug DLL libcrt|Win32
		Debug DLL libcrt|x64 = Debug DLL libcrt|x64
		Debug Library libcmt|Win32 = Debug Library libcmt|Win32
		Debug Library libcmt|x64 = Debug Library libcmt|x64
		Debug Library libcrt|Win32 = Debug Library libcrt|Win32
		Debug Library libcrt|x64 = Debug Library libcrt|x64
		Release DLL libcmt|Win32 = Release DLL libcmt|Win32
		Release DLL libcmt|x64 = Release DLL libcmt|x64
		Release DLL libcrt|Win32 = Release DLL libcrt|Win32
		Release DLL libcrt|x64 = Release DLL libcrt|x64
		Release Library libcmt|Win32 = Release Library libcmt|Win32
		Release Library libcmt|x64 = Release Library libcmt|x64
		Release Library libcrt|Win32 = Release Library libcrt|Win32
		Release Library libcrt|x64 = Release Library libcrt|x64
	EndGlobalSection
	GlobalSection(ProjectConfigurationPlatforms) = postSolution
		{AAAA1001-8001-AAAA-0123-456789ABCDEF}.Debug DLL libcmt|Win32.ActiveCfg = Debug DLL libcmt|Win32
		{AAAA1001-8001-AAAA-0123-456789ABCDEF}.Debug DLL libcmt|Win32.Build.0 = Debug DLL libcmt|Win32
		{AAAA1001-8001-AAAA-0123-456789ABCDEF}.Debug DLL libcmt|x64.ActiveCfg = Debug DLL libcmt|x64
		{AAAA1001-8001-AAAA-0123-456789ABCDEF}.Debug DLL libcmt|x64.Build.0 = Debug DLL libcmt|x64
		{AAAA1001-8001-AAAA-0123-456789ABCDEF}.Debug DLL libcrt|Win32.ActiveCfg = Debug DLL libcrt|Win32
		{AAAA1001-8001-AAAA-0123-456789ABCDEF}.Debug DLL libcrt|Win32.Build.0 = Debug DLL libcrt|Win32
		{AAAA1001-8001-AAAA-0123-456789ABCDEF}.Debug DLL libcrt|x64.ActiveCfg = Debug DLL libcrt|x64
		{AAAA1001-8001-AAAA-0123-456789ABCDEF}.Debug DLL libcrt|x64.Build.0 = Debug DLL libcrt|x64
		{AAAA1001-8001-AAAA-0123-456789ABCDEF}.Debug Library libcmt|Win32.ActiveCfg = Debug DLL libcmt|Win32
		{AAAA1001-8001-AAAA-0123-456789ABCDEF}.Debug Library libcmt|Win32.Build.0 = Debug DLL libcmt|Win32
		{AAAA1001-8001-AAAA-0123-456789ABCDEF}.Debug Library libcmt|x64.ActiveCfg = Debug DLL libcmt|x64
		{AAAA1001-8001-AAAA-0123-456789ABCDEF}.Debug Library libcmt|x64.Build.0 = Debug DLL libcmt|x64
		{AAAA1001-8001-AAAA-0123-456789ABCDEF}.Debug Library libcrt|Win32.ActiveCfg = Debug DLL libcrt|Win32
		{AAAA1001-8001-AAAA-0123-456789ABCDEF}.Debug Library libcrt|Win32.Build.0 = Debug DLL libcrt|Win32
		{AAAA1001-8001-AAAA-0123-456789ABCDEF}.Debug Library libcrt|x64.ActiveCfg = Debug DLL libcrt|x64
		{AAAA1001-8001-AAAA-0123-456789ABCDEF}.Debug Library libcrt|x64.Build.0 = Debug DLL libcrt|x64
		{AAAA1001-8001-AAAA-0123-456789ABCDEF}.Release DLL libcmt|Win32.ActiveCfg = Release DLL libcmt|Win32
		{AAAA1001-8001-AAAA-0123-456789ABCDEF}.Release DLL libcmt|Win32.Build.0 = Release DLL libcmt|Win32
		{AAAA1001-8001-AAAA-0123-456789ABCDEF}.Release DLL libcmt|x64.ActiveCfg = Release DLL libcmt|x64
		{AAAA1001-8001-AAAA-0123-456789ABCDEF}.Release DLL libcmt|x64.Build.0 = Release DLL libcmt|x64
		{AAAA1001-8001-AAAA-0123-456789ABCDEF}.Release DLL libcrt|Win32.ActiveCfg = Release DLL libcrt|Win32
		{AAAA1001-8001-AAAA-0123-456789ABCDEF}.Release DLL libcrt|Win32.Build.0 = Release DLL libcrt|Win32
		{AAAA1001-8001-AAAA-0123-456789ABCDEF}.Release DLL libcrt|x64.ActiveCfg = Release DLL libcrt|x64
		{AAAA1001-8001-AAAA-0123-456789ABCDEF}.Release DLL libcrt|x64.Build.0 = Release DLL libcrt|x64
		{AAAA1001-8001-AAAA-0123-456789ABCDEF}.Release Library libcmt|Win32.ActiveCfg = Release DLL libcmt|Win32
		{AAAA1001-8001-AAAA-0123-456789ABCDEF}.Release Library libcmt|Win32.Build.0 = Release DLL libcmt|Win32
		{AAAA1001-8001-AAAA-0123-456789ABCDEF}.Release Library libcmt|x64.ActiveCfg = Release DLL libcmt|x64
		{AAAA1001-8001-AAAA-0123-456789ABCDEF}.Release Library libcmt|x64.Build.0 = Release DLL libcmt|x64
		{AAAA1001-8001-AAAA-0123-456789ABCDEF}.Release Library libcrt|Win32.ActiveCfg = Release DLL libcrt|Win32
		{AAAA1001-8001-AAAA-0123-456789ABCDEF}.Release Library libcrt|Win32.Build.0 = Release DLL libcrt|Win32
		{AAAA1001-8001-AAAA-0123-456789ABCDEF}.Release Library libcrt|x64.ActiveCfg = Release DLL libcrt|x64
		{AAAA1001-8001-AAAA-0123-456789ABCDEF}.Release Library libcrt|x64.Build.0 = Release DLL libcrt|x64
		{AAAA1002-8001-AAAA-0123-456789ABCDEF}.Debug DLL libcmt|Win32.ActiveCfg = Debug DLL libcmt|Win32
		{AAAA1002-8001-AAAA-0123-456789ABCDEF}.Debug DLL libcmt|Win32.Build.0 = Debug DLL libcmt|Win32
		{AAAA1002-8001-AAAA-0123-456789ABCDEF}.Debug DLL libcmt|x64.ActiveCfg = Debug DLL libcmt|x64
		{AAAA1002-8001-AAAA-0123-456789ABCDEF}.Debug DLL libcmt|x64.Build.0 = Debug DLL libcmt|x64
		{AAAA1002-8001-AAAA-0123-456789ABCDEF}.Debug DLL libcrt|Win32.ActiveCfg = Debug DLL libcrt|Win32
		{AAAA1002-8001-AAAA-0123-456789ABCDEF}.Debug DLL libcrt|Win32.Build.0 = Debug DLL libcrt|Win32
		{AAAA1002-8001-AAAA-0123-456789ABCDEF}.Debug DLL libcrt|x64.ActiveCfg = Debug DLL libcrt|x64
		{AAAA1002-8001-AAAA-0123-456789ABCDEF}.Debug DLL libcrt|x64.Build.0 = Debug DLL libcrt|x64
		{AAAA1002-8001-AAAA-0123-456789ABCDEF}.Debug Library libcmt|Win32.ActiveCfg = Debug Library libcmt|Win32
		{AAAA1002-8001-AAAA-0123-456789ABCDEF}.Debug Library libcmt|Win32.Build.0 = Debug Library libcmt|Win32
		{AAAA1002-8001-AAAA-0123-456789ABCDEF}.Debug Library libcmt|x64.ActiveCfg = Debug Library libcmt|x64
		{AAAA1002-8001-AAAA-0123-456789ABCDEF}.Debug Library libcmt|x64.Build.0 = Debug Library libcmt|x64
		{AAAA1002-8001-AAAA-0123-456789ABCDEF}.Debug Library libcrt|Win32.ActiveCfg = Debug Library libcrt|Win32
		{AAAA1002-8001-AAAA-0123-456789ABCDEF}.Debug Library libcrt|Win32.Build.0 = Debug Library libcrt|Win32
		{AAAA1002-8001-AAAA-0123-456789ABCDEF}.Debug Library libcrt|x64.ActiveCfg = Debug Library libcrt|x64
		{AAAA1002-8001-AAAA-0123-456789ABCDEF}.Debug Library libcrt|x64.Build.0 = Debug Library libcrt|x64
		{AAAA1002-8001-AAAA-0123-456789ABCDEF}.Release DLL libcmt|Win32.ActiveCfg = Release DLL libcmt|Win32
		{AAAA1002-8001-AAAA-0123-456789ABCDEF}.Release DLL libcmt|Win32.Build.0 = Release DLL libcmt|Win32
		{AAAA1002-8001-AAAA-0123-456789ABCDEF}.Release DLL libcmt|x64.ActiveCfg = Release DLL libcmt|x64
		{AAAA1002-8001-AAAA-0123-456789ABCDEF}.Release DLL libcmt|x64.Build.0 = Release DLL libcmt|x64
		{AAAA1002-8001-AAAA-0123-456789ABCDEF}.Release DLL libcrt|Win32.ActiveCfg = Release DLL libcrt|Win32
		{AAAA1002-8001-AAAA-0123-456789ABCDEF}.Release DLL libcrt|Win32.Build.0 = Release DLL libcrt|Win32
		{AAAA1002-8001-AAAA-0123-456789ABCDEF}.Release DLL libcrt|x64.ActiveCfg = Release DLL libcrt|x64
		{AAAA1002-8001-AAAA-0123-456789ABCDEF}.Release DLL libcrt|x64.Build.0 = Release DLL libcrt|x64
		{AAAA1002-8001-AAAA-0123-456789ABCDEF}.Release Library libcmt|Win32.ActiveCfg = Release Library libcmt|Win32
		{AAAA1002-8001-AAAA-0123-456789ABCDEF}.Release Library libcmt|Win32.Build.0 = Release Library libcmt|Win32
		{AAAA1002-8001-AAAA-0123-456789ABCDEF}.Release Library libcmt|x64.ActiveCfg = Release Library libcmt|x64
		{AAAA1002-8001-AAAA-0123-456789ABCDEF}.Release Library libcmt|x64.Build.0 = Release Library libcmt|x64
		{AAAA1002-8001-AAAA-0123-456789ABCDEF}.Release Library libcrt|Win32.ActiveCfg = Release Library libcrt|Win32
		{AAAA1002-8001-AAAA-0123-456789ABCDEF}.Release Library libcrt|Win32.Build.0 = Release Library libcrt|Win32
		{AAAA1002-8001-AAAA-0123-456789ABCDEF}.Release Library libcrt|x64.ActiveCfg = Release Library libcrt|x64
		{AAAA1002-8001-AAAA-0123-456789ABCDEF}.Release Library libcrt|x64.Build.0 = Release Library libcrt|x64
		{AAAA1003-8001-AAAA-0123-456789ABCDEF}.Debug DLL libcmt|Win32.ActiveCfg = Debug DLL libcmt|Win32
		{AAAA1003-8001-AAAA-0123-456789ABCDEF}.Debug DLL libcmt|Win32.Build.0 = Debug DLL libcmt|Win32
		{AAAA1003-8001-AAAA-0123-456789ABCDEF}.Debug DLL libcmt|x64.ActiveCfg = Debug DLL libcmt|x64
		{AAAA1003-8001-AAAA-0123-456789ABCDEF}.Debug DLL libcmt|x64.Build.0 = Debug DLL libcmt|x64
		{AAAA1003-8001-AAAA-0123-456789ABCDEF}.Debug DLL libcrt|Win32.ActiveCfg = Debug DLL libcrt|Win32
		{AAAA1003-8001-AAAA-0123-456789ABCDEF}.Debug DLL libcrt|Win32.Build.0 = Debug DLL libcrt|Win32
		{AAAA1003-8001-AAAA-0123-456789ABCDEF}.Debug DLL libcrt|x64.ActiveCfg = Debug DLL libcrt|x64
		{AAAA1003-8001-AAAA-0123-456789ABCDEF}.Debug DLL libcrt|x64.Build.0 = Debug DLL libcrt|x64
		{AAAA1003-8001-AAAA-0123-456789ABCDEF}.Debug Library libcmt|Win32.ActiveCfg = Debug Library libcmt|Win32
		{AAAA1003-8001-AAAA-0123-456789ABCDEF}.Debug Library libcmt|Win32.Build.0 = Debug Library libcmt|Win32
		{AAAA1003-8001-AAAA-0123-456789ABCDEF}.Debug Library libcmt|x64.ActiveCfg = Debug Library libcmt|x64
		{AAAA1003-8001-AAAA-0123-456789ABCDEF}.Debug Library libcmt|x64.Build.0 = Debug Library libcmt|x64
		{AAAA1003-8001-AAAA-0123-456789ABCDEF}.Debug Library libcrt|Win32.ActiveCfg = Debug Library libcrt|Win32
		{AAAA1003-8001-AAAA-0123-456789ABCDEF}.Debug Library libcrt|Win32.Build.0 = Debug Library libcrt|Win32
		{AAAA1003-8001-AAAA-0123-456789ABCDEF}.Debug Library libcrt|x64.ActiveCfg = Debug Library libcrt|x64
		{AAAA1003-8001-AAAA-0123-456789ABCDEF}.Debug Library libcrt|x64.Build.0 = Debug Library libcrt|x64
		{AAAA1003-8001-AAAA-0123-456789ABCDEF}.Release DLL libcmt|Win32.ActiveCfg = Release DLL libcmt|Win32
		{AAAA1003-8001-AAAA-0123-456789ABCDEF}.Release DLL libcmt|Win32.Build.0 = Release DLL libcmt|Win32
		{AAAA1003-8001-AAAA-0123-456789ABCDEF}.Release DLL libcmt|x64.ActiveCfg = Release DLL libcmt|x64
		{AAAA1003-8001-AAAA-0123-456789ABCDEF}.Release DLL libcmt|x64.Build.0 = Release DLL libcmt|x64
		{AAAA1003-8001-AAAA-0123-456789ABCDEF}.Release DLL libcrt|Win32.ActiveCfg = Release DLL libcrt|Win32
		{AAAA1003-8001-AAAA-0123-456789ABCDEF}.Release DLL libcrt|Win32.Build.0 = Release DLL libcrt|Win32
		{AAAA1003-8001-AAAA-0123-456789ABCDEF}.Release DLL libcrt|x64.ActiveCfg = Release DLL libcrt|x64
		{AAAA1003-8001-AAAA-0123-456789ABCDEF}.Release DLL libcrt|x64.Build.0 = Release DLL libcrt|x64
		{AAAA1003-8001-AAAA-0123-456789ABCDEF}.Release Library libcmt|Win32.ActiveCfg = Release Library libcmt|Win32
		{AAAA1003-8001-AAAA-0123-456789ABCDEF}.Release Library libcmt|Win32.Build.0 = Release Library libcmt|Win32
		{AAAA1003-8001-AAAA-0123-456789ABCDEF}.Release Library libcmt|x64.ActiveCfg = Release Library libcmt|x64
		{AAAA1003-8001-AAAA-0123-456789ABCDEF}.Release Library libcmt|x64.Build.0 = Release Library libcmt|x64
		{AAAA1003-8001-AAAA-0123-456789ABCDEF}.Release Library libcrt|Win32.ActiveCfg = Release Library libcrt|Win32
		{AAAA1003-8001-AAAA-0123-456789ABCDEF}.Release Library libcrt|Win32.Build.0 = Release Library libcrt|Win32
		{AAAA1003-8001-AAAA-0123-456789ABCDEF}.Release Library libcrt|x64.ActiveCfg = Release Library libcrt|x64
		{AAAA1003-8001-AAAA-0123-456789ABCDEF}.Release Library libcrt|x64.Build.0 = Release Library libcrt|x64
		{AAAA2001-8001-AAAA-0123-456789ABCDEF}.Debug DLL libcmt|Win32.ActiveCfg = Debug DLL libcmt|Win32
		{AAAA2001-8001-AAAA-0123-456789ABCDEF}.Debug DLL libcmt|Win32.Build.0 = Debug DLL libcmt|Win32
		{AAAA2001-8001-AAAA-0123-456789ABCDEF}.Debug DLL libcmt|x64.ActiveCfg = Debug DLL libcmt|x64
		{AAAA2001-8001-AAAA-0123-456789ABCDEF}.Debug DLL libcmt|x64.Build.0 = Debug DLL libcmt|x64
		{AAAA2001-8001-AAAA-0123-456789ABCDEF}.Debug DLL libcrt|Win32.ActiveCfg = Debug DLL libcrt|Win32
		{AAAA2001-8001-AAAA-0123-456789ABCDEF}.Debug DLL libcrt|Win32.Build.0 = Debug DLL libcrt|Win32
		{AAAA2001-8001-AAAA-0123-456789ABCDEF}.Debug DLL libcrt|x64.ActiveCfg = Debug DLL libcrt|x64
		{AAAA2001-8001-AAAA-0123-456789ABCDEF}.Debug DLL libcrt|x64.Build.0 = Debug DLL libcrt|x64
		{AAAA2001-8001-AAAA-0123-456789ABCDEF}.Debug Library libcmt|Win32.ActiveCfg = Debug Library libcmt|Win32
		{AAAA2001-8001-AAAA-0123-456789ABCDEF}.Debug Library libcmt|Win32.Build.0 = Debug Library libcmt|Win32
		{AAAA2001-8001-AAAA-0123-456789ABCDEF}.Debug Library libcmt|x64.ActiveCfg = Debug Library libcmt|x64
		{AAAA2001-8001-AAAA-0123-456789ABCDEF}.Debug Library libcmt|x64.Build.0 = Debug Library libcmt|x64
		{AAAA2001-8001-AAAA-0123-456789ABCDEF}.Debug Library libcrt|Win32.ActiveCfg = Debug Library libcrt|Win32
		{AAAA2001-8001-AAAA-0123-456789ABCDEF}.Debug Library libcrt|Win32.Build.0 = Debug Library libcrt|Win32
		{AAAA2001-8001-AAAA-0123-456789ABCDEF}.Debug Library libcrt|x64.ActiveCfg = Debug Library libcrt|x64
		{AAAA2001-8001-AAAA-0123-456789ABCDEF}.Debug Library libcrt|x64.Build.0 = Debug Library libcrt|x64
		{AAAA2001-8001-AAAA-0123-456789ABCDEF}.Release DLL libcmt|Win32.ActiveCfg = Release DLL libcmt|Win32
		{AAAA2001-8001-AAAA-0123-456789ABCDEF}.Release DLL libcmt|Win32.Build.0 = Release DLL libcmt|Win32
		{AAAA2001-8001-AAAA-0123-456789ABCDEF}.Release DLL libcmt|x64.ActiveCfg = Release DLL libcmt|x64
		{AAAA2001-8001-AAAA-0123-456789ABCDEF}.Release DLL libcmt|x64.Build.0 = Release DLL libcmt|x64
		{AAAA2001-8001-AAAA-0123-456789ABCDEF}.Release DLL libcrt|Win32.ActiveCfg = Release DLL libcrt|Win32
		{AAAA2001-8001-AAAA-0123-456789ABCDEF}.Release DLL libcrt|Win32.Build.0 = Release DLL libcrt|Win32
		{AAAA2001-8001-AAAA-0123-456789ABCDEF}.Release DLL libcrt|x64.ActiveCfg = Release DLL libcrt|x64
		{AAAA2001-8001-AAAA-0123-456789ABCDEF}.Release DLL libcrt|x64.Build.0 = Release DLL libcrt|x64
		{AAAA2001-8001-AAAA-0123-456789ABCDEF}.Release Library libcmt|Win32.ActiveCfg = Release Library libcmt|Win32
		{AAAA2001-8001-AAAA-0123-456789ABCDEF}.Release Library libcmt|Win32.Build.0 = Release Library libcmt|Win32
		{AAAA2001-8001-AAAA-0123-456789ABCDEF}.Release Library libcmt|x64.ActiveCfg = Release Library libcmt|x64
		{AAAA2001-8001-AAAA-0123-456789ABCDEF}.Release Library libcmt|x64.Build.0 = Release Library libcmt|x64
		{AAAA2001-8001-AAAA-0123-456789ABCDEF}.Release Library libcrt|Win32.ActiveCfg = Release Library libcrt|Win32
		{AAAA2001-8001-AAAA-0123-456789ABCDEF}.Release Library libcrt|Win32.Build.0 = Release Library libcrt|Win32
		{AAAA2001-8001-AAAA-0123-456789ABCDEF}.Release Library libcrt|x64.ActiveCfg = Release Library libcrt|x64
		{AAAA2001-8001-AAAA-0123-456789ABCDEF}.Release Library libcrt|x64.Build.0 = Release Library libcrt|x64
		{AAAA2002-8001-AAAA-0123-456789ABCDEF}.Debug DLL libcmt|Win32.ActiveCfg = Debug DLL libcmt|Win32
		{AAAA2002-8001-AAAA-0123-456789ABCDEF}.Debug DLL libcmt|Win32.Build.0 = Debug DLL libcmt|Win32
		{AAAA2002-8001-AAAA-0123-456789ABCDEF}.Debug DLL libcmt|x64.ActiveCfg = Debug DLL libcmt|x64
		{AAAA2002-8001-AAAA-0123-456789ABCDEF}.Debug DLL libcmt|x64.Build.0 = Debug DLL libcmt|x64
		{AAAA2002-8001-AAAA-0123-456789ABCDEF}.Debug DLL libcrt|Win32.ActiveCfg = Debug DLL libcrt|Win32
		{AAAA2002-8001-AAAA-0123-456789ABCDEF}.Debug DLL libcrt|Win32.Build.0 = Debug DLL libcrt|Win32
		{AAAA2002-8001-AAAA-0123-456789ABCDEF}.Debug DLL libcrt|x64.ActiveCfg = Debug DLL libcrt|x64
		{AAAA2002-8001-AAAA-0123-456789ABCDEF}.Debug DLL libcrt|x64.Build.0 = Debug DLL libcrt|x64
		{AAAA2002-8001-AAAA-0123-456789ABCDEF}.Debug Library libcmt|Win32.ActiveCfg = Debug Library libcmt|Win32
		{AAAA2002-8001-AAAA-0123-456789ABCDEF}.Debug Library libcmt|Win32.Build.0 = Debug Library libcmt|Win32
		{AAAA2002-8001-AAAA-0123-456789ABCDEF}.Debug Library libcmt|x64.ActiveCfg = Debug Library libcmt|x64
		{AAAA2002-8001-AAAA-0123-456789ABCDEF}.Debug Library libcmt|x64.Build.0 = Debug Library libcmt|x64
		{AAAA2002-8001-AAAA-0123-456789ABCDEF}.Debug Library libcrt|Win32.ActiveCfg = Debug Library libcrt|Win32
		{AAAA2002-8001-AAAA-0123-456789ABCDEF}.Debug Library libcrt|Win32.Build.0 = Debug Library libcrt|Win32
		{AAAA2002-8001-AAAA-0123-456789ABCDEF}.Debug Library libcrt|x64.ActiveCfg = Debug Library libcrt|x64
		{AAAA2002-8001-AAAA-0123-456789ABCDEF}.Debug Library libcrt|x64.Build.0 = Debug Library libcrt|x64
		{AAAA2002-8001-AAAA-0123-456789ABCDEF}.Release DLL libcmt|Win32.ActiveCfg = Release DLL libcmt|Win32
		{AAAA2002-8001-AAAA-0123-456789ABCDEF}.Release DLL libcmt|Win32.Build.0 = Release DLL libcmt|Win32
		{AAAA2002-8001-AAAA-0123-456789ABCDEF}.Release DLL libcmt|x64.ActiveCfg = Release DLL libcmt|x64
		{AAAA2002-8001-AAAA-0123-456789ABCDEF}.Release DLL libcmt|x64.Build.0 = Release DLL libcmt|x64
		{AAAA2002-8001-AAAA-0123-456789ABCDEF}.Release DLL libcrt|Win32.ActiveCfg = Release DLL libcrt|Win32
		{AAAA2002-8001-AAAA-0123-456789ABCDEF}.Release DLL libcrt|Win32.Build.0 = Release DLL libcrt|Win32
		{AAAA2002-8001-AAAA-0123-456789ABCDEF}.Release DLL libcrt|x64.ActiveCfg = Release DLL libcrt|x64
		{AAAA2002-8001-AAAA-0123-456789ABCDEF}.Release DLL libcrt|x64.Build.0 = Release DLL libcrt|x64
		{AAAA2002-8001-AAAA-0123-456789ABCDEF}.Release Library libcmt|Win32.ActiveCfg = Release Library libcmt|Win32
		{AAAA2002-8001-AAAA-0123-456789ABCDEF}.Release Library libcmt|Win32.Build.0 = Release Library libcmt|Win32
		{AAAA2002-8001-AAAA-0123-456789ABCDEF}.Release Library libcmt|x64.ActiveCfg = Release Library libcmt|x64
		{AAAA2002-8001-AAAA-0123-456789ABCDEF}.Release Library libcmt|x64.Build.0 = Release Library libcmt|x64
		{AAAA2002-8001-AAAA-0123-456789ABCDEF}.Release Library libcrt|Win32.ActiveCfg = Release Library libcrt|Win32
		{AAAA2002-8001-AAAA-0123-456789ABCDEF}.Release Library libcrt|Win32.Build.0 = Release Library libcrt|Win32
		{AAAA2002-8001-AAAA-0123-456789ABCDEF}.Release Library libcrt|x64.ActiveCfg = Release Library libcrt|x64
		{AAAA2002-8001-AAAA-0123-456789ABCDEF}.Release Library libcrt|x64.Build.0 = Release Library libcrt|x64
		{AAAA2004-8001-AAAA-0123-456789ABCDEF}.Debug DLL libcmt|Win32.ActiveCfg = Debug DLL libcmt|Win32
		{AAAA2004-8001-AAAA-0123-456789ABCDEF}.Debug DLL libcmt|Win32.Build.0 = Debug DLL libcmt|Win32
		{AAAA2004-8001-AAAA-0123-456789ABCDEF}.Debug DLL libcmt|x64.ActiveCfg = Debug DLL libcmt|x64
		{AAAA2004-8001-AAAA-0123-456789ABCDEF}.Debug DLL libcmt|x64.Build.0 = Debug DLL libcmt|x64
		{AAAA2004-8001-AAAA-0123-456789ABCDEF}.Debug DLL libcrt|Win32.ActiveCfg = Debug DLL libcrt|Win32
		{AAAA2004-8001-AAAA-0123-456789ABCDEF}.Debug DLL libcrt|Win32.Build.0 = Debug DLL libcrt|Win32
		{AAAA2004-8001-AAAA-0123-456789ABCDEF}.Debug DLL libcrt|x64.ActiveCfg = Debug DLL libcrt|x64
		{AAAA2004-8001-AAAA-0123-456789ABCDEF}.Debug DLL libcrt|x64.Build.0 = Debug DLL libcrt|x64
		{AAAA2004-8001-AAAA-0123-456789ABCDEF}.Debug Library libcmt|Win32.ActiveCfg = Debug Library libcmt|Win32
		{AAAA2004-8001-AAAA-0123-456789ABCDEF}.Debug Library libcmt|Win32.Build.0 = Debug Library libcmt|Win32
		{AAAA2004-8001-AAAA-0123-456789ABCDEF}.Debug Library libcmt|x64.ActiveCfg = Debug Library libcmt|x64
		{AAAA2004-8001-AAAA-0123-456789ABCDEF}.Debug Library libcmt|x64.Build.0 = Debug Library libcmt|x64
		{AAAA2004-8001-AAAA-0123-456789ABCDEF}.Debug Library libcrt|Win32.ActiveCfg = Debug Library libcrt|Win32
		{AAAA2004-8001-AAAA-0123-456789ABCDEF}.Debug Library libcrt|Win32.Build.0 = Debug Library libcrt|Win32
		{AAAA2004-8001-AAAA-0123-456789ABCDEF}.Debug Library libcrt|x64.ActiveCfg = Debug Library libcrt|x64
		{AAAA2004-8001-AAAA-0123-456789ABCDEF}.Debug Library libcrt|x64.Build.0 = Debug Library libcrt|x64
		{AAAA2004-8001-AAAA-0123-456789ABCDEF}.Release DLL libcmt|Win32.ActiveCfg = Release DLL libcmt|Win32
		{AAAA2004-8001-AAAA-0123-456789ABCDEF}.Release DLL libcmt|Win32.Build.0 = Release DLL libcmt|Win32
		{AAAA2004-8001-AAAA-0123-456789ABCDEF}.Release DLL libcmt|x64.ActiveCfg = Release DLL libcmt|x64
		{AAAA2004-8001-AAAA-0123-456789ABCDEF}.Release DLL libcmt|x64.Build.0 = Release DLL libcmt|x64
		{AAAA2004-8001-AAAA-0123-456789ABCDEF}.Release DLL libcrt|Win32.ActiveCfg = Release DLL libcrt|Win32
		{AAAA2004-8001-AAAA-0123-456789ABCDEF}.Release DLL libcrt|Win32.Build.0 = Release DLL libcrt|Win32
		{AAAA2004-8001-AAAA-0123-456789ABCDEF}.Release DLL libcrt|x64.ActiveCfg = Release DLL libcrt|x64
		{AAAA2004-8001-AAAA-0123-456789ABCDEF}.Release DLL libcrt|x64.Build.0 = Release DLL libcrt|x64
		{AAAA2004-8001-AAAA-0123-456789ABCDEF}.Release Library libcmt|Win32.ActiveCfg = Release Library libcmt|Win32
		{AAAA2004-8001-AAAA-0123-456789ABCDEF}.Release Library libcmt|Win32.Build.0 = Release Library libcmt|Win32
		{AAAA2004-8001-AAAA-0123-456789ABCDEF}.Release Library libcmt|x64.ActiveCfg = Release Library libcmt|x64
		{AAAA2004-8001-AAAA-0123-456789ABCDEF}.Release Library libcmt|x64.Build.0 = Release Library libcmt|x64
		{AAAA2004-8001-AAAA-0123-456789ABCDEF}.Release Library libcrt|Win32.ActiveCfg = Release Library libcrt|Win32
		{AAAA2004-8001-AAAA-0123-456789ABCDEF}.Release Library libcrt|Win32.Build.0 = Release Library libcrt|Win32
		{AAAA2004-8001-AAAA-0123-456789ABCDEF}.Release Library libcrt|x64.ActiveCfg = Release Library libcrt|x64
		{AAAA2004-8001-AAAA-0123-456789ABCDEF}.Release Library libcrt|x64.Build.0 = Release Library libcrt|x64
		{AAAA2004-8002-AAAA-0123-456789ABCDEF}.Debug DLL libcmt|Win32.ActiveCfg = Debug DLL libcmt|Win32
		{AAAA2004-8002-AAAA-0123-456789ABCDEF}.Debug DLL libcmt|Win32.Build.0 = Debug DLL libcmt|Win32
		{AAAA2004-8002-AAAA-0123-456789ABCDEF}.Debug DLL libcmt|x64.ActiveCfg = Debug DLL libcmt|x64
		{AAAA2004-8002-AAAA-0123-456789ABCDEF}.Debug DLL libcmt|x64.Build.0 = Debug DLL libcmt|x64
		{AAAA2004-8002-AAAA-0123-456789ABCDEF}.Debug DLL libcrt|Win32.ActiveCfg = Debug DLL libcrt|Win32
		{AAAA2004-8002-AAAA-0123-456789ABCDEF}.Debug DLL libcrt|Win32.Build.0 = Debug DLL libcrt|Win32
		{AAAA2004-8002-AAAA-0123-456789ABCDEF}.Debug DLL libcrt|x64.ActiveCfg = Debug DLL libcrt|x64
		{AAAA2004-8002-AAAA-0123-456789ABCDEF}.Debug DLL libcrt|x64.Build.0 = Debug DLL libcrt|x64
		{AAAA2004-8002-AAAA-0123-456789ABCDEF}.Debug Library libcmt|Win32.ActiveCfg = Debug Library libcmt|Win32
		{AAAA2004-8002-AAAA-0123-456789ABCDEF}.Debug Library libcmt|Win32.Build.0 = Debug Library libcmt|Win32
		{AAAA2004-8002-AAAA-0123-456789ABCDEF}.Debug Library libcmt|x64.ActiveCfg = Debug Library libcmt|x64
		{AAAA2004-8002-AAAA-0123-456789ABCDEF}.Debug Library libcmt|x64.Build.0 = Debug Library libcmt|x64
		{AAAA2004-8002-AAAA-0123-456789ABCDEF}.Debug Library libcrt|Win32.ActiveCfg = Debug Library libcrt|Win32
		{AAAA2004-8002-AAAA-0123-456789ABCDEF}.Debug Library libcrt|Win32.Build.0 = Debug Library libcrt|Win32
		{AAAA2004-8002-AAAA-0123-456789ABCDEF}.Debug Library libcrt|x64.ActiveCfg = Debug Library libcrt|x64
		{AAAA2004-8002-AAAA-0123-456789ABCDEF}.Debug Library libcrt|x64.Build.0 = Debug Library libcrt|x64
		{AAAA2004-8002-AAAA-0123-456789ABCDEF}.Release DLL libcmt|Win32.ActiveCfg = Release DLL libcmt|Win32
		{AAAA2004-8002-AAAA-0123-456789ABCDEF}.Release DLL libcmt|Win32.Build.0 = Release DLL libcmt|Win32
		{AAAA2004-8002-AAAA-0123-456789ABCDEF}.Release DLL libcmt|x64.ActiveCfg = Release DLL libcmt|x64
		{AAAA2004-8002-AAAA-0123-456789ABCDEF}.Release DLL libcmt|x64.Build.0 = Release DLL libcmt|x64
		{AAAA2004-8002-AAAA-0123-456789ABCDEF}.Release DLL libcrt|Win32.ActiveCfg = Release DLL libcrt|Win32
		{AAAA2004-8002-AAAA-0123-456789ABCDEF}.Release DLL libcrt|Win32.Build.0 = Release DLL libcrt|Win32
		{AAAA2004-8002-AAAA-0123-456789ABCDEF}.Release DLL libcrt|x64.ActiveCfg = Release DLL libcrt|x64
		{AAAA2004-8002-AAAA-0123-456789ABCDEF}.Release DLL libcrt|x64.Build.0 = Release DLL libcrt|x64
		{AAAA2004-8002-AAAA-0123-456789ABCDEF}.Release Library libcmt|Win32.ActiveCfg = Release Library libcmt|Win32
		{AAAA2004-8002-AAAA-0123-456789ABCDEF}.Release Library libcmt|Win32.Build.0 = Release Library libcmt|Win32
		{AAAA2004-8002-AAAA-0123-456789ABCDEF}.Release Library libcmt|x64.ActiveCfg = Release Library libcmt|x64
		{AAAA2004-8002-AAAA-0123-456789ABCDEF}.Release Library libcmt|x64.Build.0 = Release Library libcmt|x64
		{AAAA2004-8002-AAAA-0123-456789ABCDEF}.Release Library libcrt|Win32.ActiveCfg = Release Library libcrt|Win32
		{AAAA2004-8002-AAAA-0123-456789ABCDEF}.Release Library libcrt|Win32.Build.0 = Release Library libcrt|Win32
		{AAAA2004-8002-AAAA-0123-456789ABCDEF}.Release Library libcrt|x64.ActiveCfg = Release Library libcrt|x64
		{AAAA2004-8002-AAAA-0123-456789ABCDEF}.Release Library libcrt|x64.Build.0 = Release Library libcrt|x64
		{AAAA2006-8001-AAAA-0123-456789ABCDEF}.Debug DLL libcmt|Win32.ActiveCfg = Debug DLL libcmt|Win32
		{AAAA2006-8001-AAAA-0123-456789ABCDEF}.Debug DLL libcmt|Win32.Build.0 = Debug DLL libcmt|Win32
		{AAAA2006-8001-AAAA-0123-456789ABCDEF}.Debug DLL libcmt|x64.ActiveCfg = Debug DLL libcmt|x64
		{AAAA2006-8001-AAAA-0123-456789ABCDEF}.Debug DLL libcmt|x64.Build.0 = Debug DLL libcmt|x64
		{AAAA2006-8001-AAAA-0123-456789ABCDEF}.Debug DLL libcrt|Win32.ActiveCfg = Debug DLL libcrt|Win32
		{AAAA2006-8001-AAAA-0123-456789ABCDEF}.Debug DLL libcrt|Win32.Build.0 = Debug DLL libcrt|Win32
		{AAAA2006-8001-AAAA-0123-456789ABCDEF}.Debug DLL libcrt|x64.ActiveCfg = Debug DLL libcrt|x64
		{AAAA2006-8001-AAAA-0123-456789ABCDEF}.Debug DLL libcrt|x64.Build.0 = Debug DLL libcrt|x64
		{AAAA2006-8001-AAAA-0123-456789ABCDEF}.Debug Library libcmt|Win32.ActiveCfg = Debug Library libcmt|Win32
		{AAAA2006-8001-AAAA-0123-456789ABCDEF}.Debug Library libcmt|Win32.Build.0 = Debug Library libcmt|Win32
		{AAAA2006-8001-AAAA-0123-456789ABCDEF}.Debug Library libcmt|x64.ActiveCfg = Debug Library libcmt|x64
		{AAAA2006-8001-AAAA-0123-456789ABCDEF}.Debug Library libcmt|x64.Build.0 = Debug Library libcmt|x64
		{AAAA2006-8001-AAAA-0123-456789ABCDEF}.Debug Library libcrt|Win32.ActiveCfg = Debug Library libcrt|Win32
		{AAAA2006-8001-AAAA-0123-456789ABCDEF}.Debug Library libcrt|Win32.Build.0 = Debug Library libcrt|Win32
		{AAAA2006-8001-AAAA-0123-456789ABCDEF}.Debug Library libcrt|x64.ActiveCfg = Debug Library libcrt|x64
		{AAAA2006-8001-AAAA-0123-456789ABCDEF}.Debug Library libcrt|x64.Build.0 = Debug Library libcrt|x64
		{AAAA2006-8001-AAAA-0123-456789ABCDEF}.Release DLL libcmt|Win32.ActiveCfg = Release DLL libcmt|Win32
		{AAAA2006-8001-AAAA-0123-456789ABCDEF}.Release DLL libcmt|Win32.Build.0 = Release DLL libcmt|Win32
		{AAAA2006-8001-AAAA-0123-456789ABCDEF}.Release DLL libcmt|x64.ActiveCfg = Release DLL libcmt|x64
		{AAAA2006-8001-AAAA-0123-456789ABCDEF}.Release DLL libcmt|x64.Build.0 = Release DLL libcmt|x64
		{AAAA2006-8001-AAAA-0123-456789ABCDEF}.Release DLL libcrt|Win32.ActiveCfg = Release DLL libcrt|Win32
		{AAAA2006-8001-AAAA-0123-456789ABCDEF}.Release DLL libcrt|Win32.Build.0 = Release DLL libcrt|Win32
		{AAAA2006-8001-AAAA-0123-456789ABCDEF}.Release DLL libcrt|x64.ActiveCfg = Release DLL libcrt|x64
		{AAAA2006-8001-AAAA-0123-456789ABCDEF}.Release DLL libcrt|x64.Build.0 = Release DLL libcrt|x64
		{AAAA2006-8001-AAAA-0123-456789ABCDEF}.Release Library libcmt|Win32.ActiveCfg = Release Library libcmt|Win32
		{AAAA2006-8001-AAAA-0123-456789ABCDEF}.Release Library libcmt|Win32.Build.0 = Release Library libcmt|Win32
		{AAAA2006-8001-AAAA-0123-456789ABCDEF}.Release Library libcmt|x64.ActiveCfg = Release Library libcmt|x64
		{AAAA2006-8001-AAAA-0123-456789ABCDEF}.Release Library libcmt|x64.Build.0 = Release Library libcmt|x64
		{AAAA2006-8001-AAAA-0123-456789ABCDEF}.Release Library libcrt|Win32.ActiveCfg = Release Library libcrt|Win32
		{AAAA2006-8001-AAAA-0123-456789ABCDEF}.Release Library libcrt|Win32.Build.0 = Release Library libcrt|Win32
		{AAAA2006-8001-AAAA-0123-456789ABCDEF}.Release Library libcrt|x64.ActiveCfg = Release Library libcrt|x64
		{AAAA2006-8001-AAAA-0123-456789ABCDEF}.Release Library libcrt|x64.Build.0 = Release Library libcrt|x64
		{AAAA200B-8001-AAAA-0123-456789ABCDEF}.Debug DLL libcmt|Win32.ActiveCfg = Debug DLL libcmt|Win32
		{AAAA200B-8001-AAAA-0123-456789ABCDEF}.Debug DLL libcmt|Win32.Build.0 = Debug DLL libcmt|Win32
		{AAAA200B-8001-AAAA-0123-456789ABCDEF}.Debug DLL libcmt|x64.ActiveCfg = Debug DLL libcmt|x64
		{AAAA200B-8001-AAAA-0123-456789ABCDEF}.Debug DLL libcmt|x64.Build.0 = Debug DLL libcmt|x64
		{AAAA200B-8001-AAAA-0123-456789ABCDEF}.Debug DLL libcrt|Win32.ActiveCfg = Debug DLL libcrt|Win32
		{AAAA200B-8001-AAAA-0123-456789ABCDEF}.Debug DLL libcrt|Win32.Build.0 = Debug DLL libcrt|Win32
		{AAAA200B-8001-AAAA-0123-456789ABCDEF}.Debug DLL libcrt|x64.ActiveCfg = Debug DLL libcrt|x64
		{AAAA200B-8001-AAAA-0123-456789ABCDEF}.Debug DLL libcrt|x64.Build.0 = Debug DLL libcrt|x64
		{AAAA200B-8001-AAAA-0123-456789ABCDEF}.Debug Library libcmt|Win32.ActiveCfg = Debug Library libcmt|Win32
		{AAAA200B-8001-AAAA-0123-456789ABCDEF}.Debug Library libcmt|Win32.Build.0 = Debug Library libcmt|Win32
		{AAAA200B-8001-AAAA-0123-456789ABCDEF}.Debug Library libcmt|x64.ActiveCfg = Debug Library libcmt|x64
		{AAAA200B-8001-AAAA-0123-456789ABCDEF}.Debug Library libcmt|x64.Build.0 = Debug Library libcmt|x64
		{AAAA200B-8001-AAAA-0123-456789ABCDEF}.Debug Library libcrt|Win32.ActiveCfg = Debug Library libcrt|Win32
		{AAAA200B-8001-AAAA-0123-456789ABCDEF}.Debug Library libcrt|Win32.Build.0 = Debug Library libcrt|Win32
		{AAAA200B-8001-AAAA-0123-456789ABCDEF}.Debug Library libcrt|x64.ActiveCfg = Debug Library libcrt|x64
		{AAAA200B-8001-AAAA-0123-456789ABCDEF}.Debug Library libcrt|x64.Build.0 = Debug Library libcrt|x64
		{AAAA200B-8001-AAAA-0123-456789ABCDEF}.Release DLL libcmt|Win32.ActiveCfg = Release DLL libcmt|Win32
		{AAAA200B-8001-AAAA-0123-456789ABCDEF}.Release DLL libcmt|Win32.Build.0 = Release DLL libcmt|Win32
		{AAAA200B-8001-AAAA-0123-456789ABCDEF}.Release DLL libcmt|x64.ActiveCfg = Release DLL libcmt|x64
		{AAAA200B-8001-AAAA-0123-456789ABCDEF}.Release DLL libcmt|x64.Build.0 = Release DLL libcmt|x64
		{AAAA200B-8001-AAAA-0123-456789ABCDEF}.Release DLL libcrt|Win32.ActiveCfg = Release DLL libcrt|Win32
		{AAAA200B-8001-AAAA-0123-456789ABCDEF}.Release DLL libcrt|Win32.Build.0 = Release DLL libcrt|Win32
		{AAAA200B-8001-AAAA-0123-456789ABCDEF}.Release DLL libcrt|x64.ActiveCfg = Release DLL libcrt|x64
		{AAAA200B-8001-AAAA-0123-456789ABCDEF}.Release DLL libcrt|x64.Build.0 = Release DLL libcrt|x64
		{AAAA200B-8001-AAAA-0123-456789ABCDEF}.Release Library libcmt|Win32.ActiveCfg = Release Library libcmt|Win32
		{AAAA200B-8001-AAAA-0123-456789ABCDEF}.Release Library libcmt|Win32.Build.0 = Release Library libcmt|Win32
		{AAAA200B-8001-AAAA-0123-456789ABCDEF}.Release Library libcmt|x64.ActiveCfg = Release Library libcmt|x64
		{AAAA200B-8001-AAAA-0123-456789ABCDEF}.Release Library libcmt|x64.Build.0 = Release Library libcmt|x64
		{AAAA200B-8001-AAAA-0123-456789ABCDEF}.Release Library libcrt|Win32.ActiveCfg = Release Library libcrt|Win32
		{AAAA200B-8001-AAAA-0123-456789ABCDEF}.Release Library libcrt|Win32.Build.0 = Release Library libcrt|Win32
		{AAAA200B-8001-AAAA-0123-456789ABCDEF}.Release Library libcrt|x64.ActiveCfg = Release Library libcrt|x64
		{AAAA200B-8001-AAAA-0123-456789ABCDEF}.Release Library libcrt|x64.Build.0 = Release Library libcrt|x64
		{AAAA200B-8002-AAAA-0123-456789ABCDEF}.Debug DLL libcmt|Win32.ActiveCfg = Debug DLL libcmt|Win32
		{AAAA200B-8002-AAAA-0123-456789ABCDEF}.Debug DLL libcmt|Win32.Build.0 = Debug DLL libcmt|Win32
		{AAAA200B-8002-AAAA-0123-456789ABCDEF}.Debug DLL libcmt|x64.ActiveCfg = Debug DLL libcmt|x64
		{AAAA200B-8002-AAAA-0123-456789ABCDEF}.Debug DLL libcmt|x64.Build.0 = Debug DLL libcmt|x64
		{AAAA200B-8002-AAAA-0123-456789ABCDEF}.Debug DLL libcrt|Win32.ActiveCfg = Debug DLL libcrt|Win32
		{AAAA200B-8002-AAAA-0123-456789ABCDEF}.Debug DLL libcrt|Win32.Build.0 = Debug DLL libcrt|Win32
		{AAAA200B-8002-AAAA-0123-456789ABCDEF}.Debug DLL libcrt|x64.ActiveCfg = Debug DLL libcrt|x64
		{AAAA200B-8002-AAAA-0123-456789ABCDEF}.Debug DLL libcrt|x64.Build.0 = Debug DLL libcrt|x64
		{AAAA200B-8002-AAAA-0123-456789ABCDEF}.Debug Library libcmt|Win32.ActiveCfg = Debug Library libcmt|Win32
		{AAAA200B-8002-AAAA-0123-456789ABCDEF}.Debug Library libcmt|Win32.Build.0 = Debug Library libcmt|Win32
		{AAAA200B-8002-AAAA-0123-456789ABCDEF}.Debug Library libcmt|x64.ActiveCfg = Debug Library libcmt|x64
		{AAAA200B-8002-AAAA-0123-456789ABCDEF}.Debug Library libcmt|x64.Build.0 = Debug Library libcmt|x64
		{AAAA200B-8002-AAAA-0123-456789ABCDEF}.Debug Library libcrt|Win32.ActiveCfg = Debug Library libcrt|Win32
		{AAAA200B-8002-AAAA-0123-456789ABCDEF}.Debug Library libcrt|Win32.Build.0 = Debug Library libcrt|Win32
		{AAAA200B-8002-AAAA-0123-456789ABCDEF}.Debug Library libcrt|x64.ActiveCfg = Debug Library libcrt|x64
		{AAAA200B-8002-AAAA-0123-456789ABCDEF}.Debug Library libcrt|x64.Build.0 = Debug Library libcrt|x64
		{AAAA200B-8002-AAAA-0123-456789ABCDEF}.Release DLL libcmt|Win32.ActiveCfg = Release DLL libcmt|Win32
		{AAAA200B-8002-AAAA-0123-456789ABCDEF}.Release DLL libcmt|Win32.Build.0 = Release DLL libcmt|Win32
		{AAAA200B-8002-AAAA-0123-456789ABCDEF}.Release DLL libcmt|x64.ActiveCfg = Release DLL libcmt|x64
		{AAAA200B-8002-AAAA-0123-456789ABCDEF}.Release DLL libcmt|x64.Build.0 = Release DLL libcmt|x64
		{AAAA200B-8002-AAAA-0123-456789ABCDEF}.Release DLL libcrt|Win32.ActiveCfg = Release DLL libcrt|Win32
		{AAAA200B-8002-AAAA-0123-456789ABCDEF}.Release DLL libcrt|Win32.Build.0 = Release DLL libcrt|Win32
		{AAAA200B-8002-AAAA-0123-456789ABCDEF}.Release DLL libcrt|x64.ActiveCfg = Release DLL libcrt|x64
		{AAAA200B-8002-AAAA-0123-456789ABCDEF}.Release DLL libcrt|x64.Build.0 = Release DLL libcrt|x64
		{AAAA200B-8002-AAAA-0123-456789ABCDEF}.Release Library libcmt|Win32.ActiveCfg = Release Library libcmt|Win32
		{AAAA200B-8002-AAAA-0123-456789ABCDEF}.Release Library libcmt|Win32.Build.0 = Release Library libcmt|Win32
		{AAAA200B-8002-AAAA-0123-456789ABCDEF}.Release Library libcmt|x64.ActiveCfg = Release Library libcmt|x64
		{AAAA200B-8002-AAAA-0123-456789ABCDEF}.Release Library libcmt|x64.Build.0 = Release Library libcmt|x64
		{AAAA200B-8002-AAAA-0123-456789ABCDEF}.Release Library libcrt|Win32.ActiveCfg = Release Library libcrt|Win32
		{AAAA200B-8002-AAAA-0123-456789ABCDEF}.Release Library libcrt|Win32.Build.0 = Release Library libcrt|Win32
		{AAAA200B-8002-AAAA-0123-456789ABCDEF}.Release Library libcrt|x64.ActiveCfg = Release Library libcrt|x64
		{AAAA200B-8002-AAAA-0123-456789ABCDEF}.Release Library libcrt|x64.Build.0 = Release Library libcrt|x64
		{AAAA200B-8003-AAAA-0123-456789ABCDEF}.Debug DLL libcmt|Win32.ActiveCfg = Debug DLL libcmt|Win32
		{AAAA200B-8003-AAAA-0123-456789ABCDEF}.Debug DLL libcmt|Win32.Build.0 = Debug DLL libcmt|Win32
		{AAAA200B-8003-AAAA-0123-456789ABCDEF}.Debug DLL libcmt|x64.ActiveCfg = Debug DLL libcmt|x64
		{AAAA200B-8003-AAAA-0123-456789ABCDEF}.Debug DLL libcmt|x64.Build.0 = Debug DLL libcmt|x64
		{AAAA200B-8003-AAAA-0123-456789ABCDEF}.Debug DLL libcrt|Win32.ActiveCfg = Debug DLL libcrt|Win32
		{AAAA200B-8003-AAAA-0123-456789ABCDEF}.Debug DLL libcrt|Win32.Build.0 = Debug DLL libcrt|Win32
		{AAAA200B-8003-AAAA-0123-456789ABCDEF}.Debug DLL libcrt|x64.ActiveCfg = Debug DLL libcrt|x64
		{AAAA200B-8003-AAAA-0123-456789ABCDEF}.Debug DLL libcrt|x64.Build.0 = Debug DLL libcrt|x64
		{AAAA200B-8003-AAAA-0123-456789ABCDEF}.Debug Library libcmt|Win32.ActiveCfg = Debug Library libcmt|Win32
		{AAAA200B-8003-AAAA-0123-456789ABCDEF}.Debug Library libcmt|Win32.Build.0 = Debug Library libcmt|Win32
		{AAAA200B-8003-AAAA-0123-456789ABCDEF}.Debug Library libcmt|x64.ActiveCfg = Debug Library libcmt|x64
		{AAAA200B-8003-AAAA-0123-456789ABCDEF}.Debug Library libcmt|x64.Build.0 = Debug Library libcmt|x64
		{AAAA200B-8003-AAAA-0123-456789ABCDEF}.Debug Library libcrt|Win32.ActiveCfg = Debug Library libcrt|Win32
		{AAAA200B-8003-AAAA-0123-456789ABCDEF}.Debug Library libcrt|Win32.Build.0 = Debug Library libcrt|Win32
		{AAAA200B-8003-AAAA-0123-456789ABCDEF}.Debug Library libcrt|x64.ActiveCfg = Debug Library libcrt|x64
		{AAAA200B-8003-AAAA-0123-456789ABCDEF}.Debug Library libcrt|x64.Build.0 = Debug Library libcrt|x64
		{AAAA200B-8003-AAAA-0123-456789ABCDEF}.Release DLL libcmt|Win32.ActiveCfg = Release DLL libcmt|Win32
		{AAAA200B-8003-AAAA-0123-456789ABCDEF}.Release DLL libcmt|Win32.Build.0 = Release DLL libcmt|Win32
		{AAAA200B-8003-AAAA-0123-456789ABCDEF}.Release DLL libcmt|x64.ActiveCfg = Release DLL libcmt|x64
		{AAAA200B-8003-AAAA-0123-456789ABCDEF}.Release DLL libcmt|x64.Build.0 = Release DLL libcmt|x64
		{AAAA200B-8003-AAAA-0123-456789ABCDEF}.Release DLL libcrt|Win32.ActiveCfg = Release DLL libcrt|Win32
		{AAAA200B-8003-AAAA-0123-456789ABCDEF}.Release DLL libcrt|Win32.Build.0 = Release DLL libcrt|Win32
		{AAAA200B-8003-AAAA-0123-456789ABCDEF}.Release DLL libcrt|x64.ActiveCfg = Release DLL libcrt|x64
		{AAAA200B-8003-AAAA-0123-456789ABCDEF}.Release DLL libcrt|x64.Build.0 = Release DLL libcrt|x64
		{AAAA200B-8003-AAAA-0123-456789ABCDEF}.Release Library libcmt|Win32.ActiveCfg = Release Library libcmt|Win32
		{AAAA200B-8003-AAAA-0123-456789ABCDEF}.Release Library libcmt|Win32.Build.0 = Release Library libcmt|Win32
		{AAAA200B-8003-AAAA-0123-456789ABCDEF}.Release Library libcmt|x64.ActiveCfg = Release Library libcmt|x64
		{AAAA200B-8003-AAAA-0123-456789ABCDEF}.Release Library libcmt|x64.Build.0 = Release Library libcmt|x64
		{AAAA200B-8003-AAAA-0123-456789ABCDEF}.Release Library libcrt|Win32.ActiveCfg = Release Library libcrt|Win32
		{AAAA200B-8003-AAAA-0123-456789ABCDEF}.Release Library libcrt|Win32.Build.0 = Release Library libcrt|Win32
		{AAAA200B-8003-AAAA-0123-456789ABCDEF}.Release Library libcrt|x64.ActiveCfg = Release Library libcrt|x64
		{AAAA200B-8003-AAAA-0123-456789ABCDEF}.Release Library libcrt|x64.Build.0 = Release Library libcrt|x64
		{AAAA200B-8004-AAAA-0123-456789ABCDEF}.Debug DLL libcmt|Win32.ActiveCfg = Debug DLL libcmt|Win32
		{AAAA200B-8004-AAAA-0123-456789ABCDEF}.Debug DLL libcmt|Win32.Build.0 = Debug DLL libcmt|Win32
		{AAAA200B-8004-AAAA-0123-456789ABCDEF}.Debug DLL libcmt|x64.ActiveCfg = Debug DLL libcmt|x64
		{AAAA200B-8004-AAAA-0123-456789ABCDEF}.Debug DLL libcmt|x64.Build.0 = Debug DLL libcmt|x64
		{AAAA200B-8004-AAAA-0123-456789ABCDEF}.Debug DLL libcrt|Win32.ActiveCfg = Debug DLL libcrt|Win32
		{AAAA200B-8004-AAAA-0123-456789ABCDEF}.Debug DLL libcrt|Win32.Build.0 = Debug DLL libcrt|Win32
		{AAAA200B-8004-AAAA-0123-456789ABCDEF}.Debug DLL libcrt|x64.ActiveCfg = Debug DLL libcrt|x64
		{AAAA200B-8004-AAAA-0123-456789ABCDEF}.Debug DLL libcrt|x64.Build.0 = Debug DLL libcrt|x64
		{AAAA200B-8004-AAAA-0123-456789ABCDEF}.Debug Library libcmt|Win32.ActiveCfg = Debug Library libcmt|Win32
		{AAAA200B-8004-AAAA-0123-456789ABCDEF}.Debug Library libcmt|Win32.Build.0 = Debug Library libcmt|Win32
		{AAAA200B-8004-AAAA-0123-456789ABCDEF}.Debug Library libcmt|x64.ActiveCfg = Debug Library libcmt|x64
		{AAAA200B-8004-AAAA-0123-456789ABCDEF}.Debug Library libcmt|x64.Build.0 = Debug Library libcmt|x64
		{AAAA200B-8004-AAAA-0123-456789ABCDEF}.Debug Library libcrt|Win32.ActiveCfg = Debug Library libcrt|Win32
		{AAAA200B-8004-AAAA-0123-456789ABCDEF}.Debug Library libcrt|Win32.Build.0 = Debug Library libcrt|Win32
		{AAAA200B-8004-AAAA-0123-456789ABCDEF}.Debug Library libcrt|x64.ActiveCfg = Debug Library libcrt|x64
		{AAAA200B-8004-AAAA-0123-456789ABCDEF}.Debug Library libcrt|x64.Build.0 = Debug Library libcrt|x64
		{AAAA200B-8004-AAAA-0123-456789ABCDEF}.Release DLL libcmt|Win32.ActiveCfg = Release DLL libcmt|Win32
		{AAAA200B-8004-AAAA-0123-456789ABCDEF}.Release DLL libcmt|Win32.Build.0 = Release DLL libcmt|Win32
		{AAAA200B-8004-AAAA-0123-456789ABCDEF}.Release DLL libcmt|x64.ActiveCfg = Release DLL libcmt|x64
		{AAAA200B-8004-AAAA-0123-456789ABCDEF}.Release DLL libcmt|x64.Build.0 = Release DLL libcmt|x64
		{AAAA200B-8004-AAAA-0123-456789ABCDEF}.Release DLL libcrt|Win32.ActiveCfg = Release DLL libcrt|Win32
		{AAAA200B-8004-AAAA-0123-456789ABCDEF}.Release DLL libcrt|Win32.Build.0 = Release DLL libcrt|Win32
		{AAAA200B-8004-AAAA-0123-456789ABCDEF}.Release DLL libcrt|x64.ActiveCfg = Release DLL libcrt|x64
		{AAAA200B-8004-AAAA-0123-456789ABCDEF}.Release DLL libcrt|x64.Build.0 = Release DLL libcrt|x64
		{AAAA200B-8004-AAAA-0123-456789ABCDEF}.Release Library libcmt|Win32.ActiveCfg = Release Library libcmt|Win32
		{AAAA200B-8004-AAAA-0123-456789ABCDEF}.Release Library libcmt|Win32.Build.0 = Release Library libcmt|Win32
		{AAAA200B-8004-AAAA-0123-456789ABCDEF}.Release Library libcmt|x64.ActiveCfg = Release Library libcmt|x64
		{AAAA200B-8004-AAAA-0123-456789ABCDEF}.Release Library libcmt|x64.Build.0 = Release Library libcmt|x64
		{AAAA200B-8004-AAAA-0123-456789ABCDEF}.Release Library libcrt|Win32.ActiveCfg = Release Library libcrt|Win32
		{AAAA200B-8004-AAAA-0123-456789ABCDEF}.Release Library libcrt|Win32.Build.0 = Release Library libcrt|Win32
		{AAAA200B-8004-AAAA-0123-456789ABCDEF}.Release Library libcrt|x64.ActiveCfg = Release Library libcrt|x64
		{AAAA200B-8004-AAAA-0123-456789ABCDEF}.Release Library libcrt|x64.Build.0 = Release Library libcrt|x64
		{AAAA200B-8005-AAAA-0123-456789ABCDEF}.Debug DLL libcmt|Win32.ActiveCfg = Debug DLL libcmt|Win32
		{AAAA200B-8005-AAAA-0123-456789ABCDEF}.Debug DLL libcmt|Win32.Build.0 = Debug DLL libcmt|Win32
		{AAAA200B-8005-AAAA-0123-456789ABCDEF}.Debug DLL libcmt|x64.ActiveCfg = Debug DLL libcmt|x64
		{AAAA200B-8005-AAAA-0123-456789ABCDEF}.Debug DLL libcmt|x64.Build.0 = Debug DLL libcmt|x64
		{AAAA200B-8005-AAAA-0123-456789ABCDEF}.Debug DLL libcrt|Win32.ActiveCfg = Debug DLL libcrt|Win32
		{AAAA200B-8005-AAAA-0123-456789ABCDEF}.Debug DLL libcrt|Win32.Build.0 = Debug DLL libcrt|Win32
		{AAAA200B-8005-AAAA-0123-456789ABCDEF}.Debug DLL libcrt|x64.ActiveCfg = Debug DLL libcrt|x64
		{AAAA200B-8005-AAAA-0123-456789ABCDEF}.Debug DLL libcrt|x64.Build.0 = Debug DLL libcrt|x64
		{AAAA200B-8005-AAAA-0123-456789ABCDEF}.Debug Library libcmt|Win32.ActiveCfg = Debug Library libcmt|Win32
		{AAAA200B-8005-AAAA-0123-456789ABCDEF}.Debug Library libcmt|Win32.Build.0 = Debug Library libcmt|Win32
		{AAAA200B-8005-AAAA-0123-456789ABCDEF}.Debug Library libcmt|x64.ActiveCfg = Debug Library libcmt|x64
		{AAAA200B-8005-AAAA-0123-456789ABCDEF}.Debug Library libcmt|x64.Build.0 = Debug Library libcmt|x64
		{AAAA200B-8005-AAAA-0123-456789ABCDEF}.Debug Library libcrt|Win32.ActiveCfg = Debug Library libcrt|Win32
		{AAAA200B-8005-AAAA-0123-456789ABCDEF}.Debug Library libcrt|Win32.Build.0 = Debug Library libcrt|Win32
		{AAAA200B-8005-AAAA-0123-456789ABCDEF}.Debug Library libcrt|x64.ActiveCfg = Debug Library libcrt|x64
		{AAAA200B-8005-AAAA-0123-456789ABCDEF}.Debug Library libcrt|x64.Build.0 = Debug Library libcrt|x64
		{AAAA200B-8005-AAAA-0123-456789ABCDEF}.Release DLL libcmt|Win32.ActiveCfg = Release DLL libcmt|Win32
		{AAAA200B-8005-AAAA-0123-456789ABCDEF}.Release DLL libcmt|Win32.Build.0 = Release DLL libcmt|Win32
		{AAAA200B-8005-AAAA-0123-456789ABCDEF}.Release DLL libcmt|x64.ActiveCfg = Release DLL libcmt|x64
		{AAAA200B-8005-AAAA-0123-456789ABCDEF}.Release DLL libcmt|x64.Build.0 = Release DLL libcmt|x64
		{AAAA200B-8005-AAAA-0123-456789ABCDEF}.Release DLL libcrt|Win32.ActiveCfg = Release DLL libcrt|Win32
		{AAAA200B-8005-AAAA-0123-456789ABCDEF}.Release DLL libcrt|Win32.Build.0 = Release DLL libcrt|Win32
		{AAAA200B-8005-AAAA-0123-456789ABCDEF}.Release DLL libcrt|x64.ActiveCfg = Release DLL libcrt|x64
		{AAAA200B-8005-AAAA-0123-456789ABCDEF}.Release DLL libcrt|x64.Build.0 = Release DLL libcrt|x64
		{AAAA200B-8005-AAAA-0123-456789ABCDEF}.Release Library libcmt|Win32.ActiveCfg = Release Library libcmt|Win32
		{AAAA200B-8005-AAAA-0123-456789ABCDEF}.Release Library libcmt|Win32.Build.0 = Release Library libcmt|Win32
		{AAAA200B-8005-AAAA-0123-456789ABCDEF}.Release Library libcmt|x64.ActiveCfg = Release Library libcmt|x64
		{AAAA200B-8005-AAAA-0123-456789ABCDEF}.Release Library libcmt|x64.Build.0 = Release Library libcmt|x64
		{AAAA200B-8005-AAAA-0123-456789ABCDEF}.Release Library libcrt|Win32.ActiveCfg = Release Library libcrt|Win32
		{AAAA200B-8005-AAAA-0123-456789ABCDEF}.Release Library libcrt|Win32.Build.0 = Release Library libcrt|Win32
		{AAAA200B-8005-AAAA-0123-456789ABCDEF}.Release Library libcrt|x64.ActiveCfg = Release Library libcrt|x64
		{AAAA200B-8005-AAAA-0123-456789ABCDEF}.Release Library libcrt|x64.Build.0 = Release Library libcrt|x64
		{AAAA200B-8006-AAAA-0123-456789ABCDEF}.Debug DLL libcmt|Win32.ActiveCfg = Debug DLL libcmt|Win32
		{AAAA200B-8006-AAAA-0123-456789ABCDEF}.Debug DLL libcmt|Win32.Build.0 = Debug DLL libcmt|Win32
		{AAAA200B-8006-AAAA-0123-456789ABCDEF}.Debug DLL libcmt|x64.ActiveCfg = Debug DLL libcmt|x64
		{AAAA200B-8006-AAAA-0123-456789ABCDEF}.Debug DLL libcmt|x64.Build.0 = Debug DLL libcmt|x64
		{AAAA200B-8006-AAAA-0123-456789ABCDEF}.Debug DLL libcrt|Win32.ActiveCfg = Debug DLL libcrt|Win32
		{AAAA200B-8006-AAAA-0123-456789ABCDEF}.Debug DLL libcrt|Win32.Build.0 = Debug DLL libcrt|Win32
		{AAAA200B-8006-AAAA-0123-456789ABCDEF}.Debug DLL libcrt|x64.ActiveCfg = Debug DLL libcrt|x64
		{AAAA200B-8006-AAAA-0123-456789ABCDEF}.Debug DLL libcrt|x64.Build.0 = Debug DLL libcrt|x64
		{AAAA200B-8006-AAAA-0123-456789ABCDEF}.Debug Library libcmt|Win32.ActiveCfg = Debug Library libcmt|Win32
		{AAAA200B-8006-AAAA-0123-456789ABCDEF}.Debug Library libcmt|Win32.Build.0 = Debug Library libcmt|Win32
		{AAAA200B-8006-AAAA-0123-456789ABCDEF}.Debug Library libcmt|x64.ActiveCfg = Debug Library libcmt|x64
		{AAAA200B-8006-AAAA-0123-456789ABCDEF}.Debug Library libcmt|x64.Build.0 = Debug Library libcmt|x64
		{AAAA200B-8006-AAAA-0123-456789ABCDEF}.Debug Library libcrt|Win32.ActiveCfg = Debug Library libcrt|Win32
		{AAAA200B-8006-AAAA-0123-456789ABCDEF}.Debug Library libcrt|Win32.Build.0 = Debug Library libcrt|Win32
		{AAAA200B-8006-AAAA-0123-456789ABCDEF}.Debug Library libcrt|x64.ActiveCfg = Debug Library libcrt|x64
		{AAAA200B-8006-AAAA-0123-456789ABCDEF}.Debug Library libcrt|x64.Build.0 = Debug Library libcrt|x64
		{AAAA200B-8006-AAAA-0123-456789ABCDEF}.Release DLL libcmt|Win32.ActiveCfg = Release DLL libcmt|Win32
		{AAAA200B-8006-AAAA-0123-456789ABCDEF}.Release DLL libcmt|Win32.Build.0 = Release DLL libcmt|Win32
		{AAAA200B-8006-AAAA-0123-456789ABCDEF}.Release DLL libcmt|x64.ActiveCfg = Release DLL libcmt|x64
		{AAAA200B-8006-AAAA-0123-456789ABCDEF}.Release DLL libcmt|x64.Build.0 = Release DLL libcmt|x64
		{AAAA200B-8006-AAAA-0123-456789ABCDEF}.Release DLL libcrt|Win32.ActiveCfg = Release DLL libcrt|Win32
		{AAAA200B-8006-AAAA-0123-456789ABCDEF}.Release DLL libcrt|Win32.Build.0 = Release DLL libcrt|Win32
		{AAAA200B-8006-AAAA-0123-456789ABCDEF}.Release DLL libcrt|x64.ActiveCfg = Release DLL libcrt|x64
		{AAAA200B-8006-AAAA-0123-456789ABCDEF}.Release DLL libcrt|x64.Build.0 = Release DLL libcrt|x64
		{AAAA200B-8006-AAAA-0123-456789ABCDEF}.Release Library libcmt|Win32.ActiveCfg = Release Library libcmt|Win32
		{AAAA200B-8006-AAAA-0123-456789ABCDEF}.Release Library libcmt|Win32.Build.0 = Release Library libcmt|Win32
		{AAAA200B-8006-AAAA-0123-456789ABCDEF}.Release Library libcmt|x64.ActiveCfg = Release Library libcmt|x64
		{AAAA200B-8006-AAAA-0123-456789ABCDEF}.Release Library libcmt|x64.Build.0 = Release Library libcmt|x64
		{AAAA200B-8006-AAAA-0123-456789ABCDEF}.Release Library libcrt|Win32.ActiveCfg = Release Library libcrt|Win32
		{AAAA200B-8006-AAAA-0123-456789ABCDEF}.Release Library libcrt|Win32.Build.0 = Release Library libcrt|Win32
		{AAAA200B-8006-AAAA-0123-456789ABCDEF}.Release Library libcrt|x64.ActiveCfg = Release Library libcrt|x64
		{AAAA200B-8006-AAAA-0123-456789ABCDEF}.Release Library libcrt|x64.Build.0 = Release Library libcrt|x64
		{AAAA200B-8007-AAAA-0123-456789ABCDEF}.Debug DLL libcmt|Win32.ActiveCfg = Debug DLL libcmt|Win32
		{AAAA200B-8007-AAAA-0123-456789ABCDEF}.Debug DLL libcmt|Win32.Build.0 = Debug DLL libcmt|Win32
		{AAAA200B-8007-AAAA-0123-456789ABCDEF}.Debug DLL libcmt|x64.ActiveCfg = Debug DLL libcmt|x64
		{AAAA200B-8007-AAAA-0123-456789ABCDEF}.Debug DLL libcmt|x64.Build.0 = Debug DLL libcmt|x64
		{AAAA200B-8007-AAAA-0123-456789ABCDEF}.Debug DLL libcrt|Win32.ActiveCfg = Debug DLL libcrt|Win32
		{AAAA200B-8007-AAAA-0123-456789ABCDEF}.Debug DLL libcrt|Win32.Build.0 = Debug DLL libcrt|Win32
		{AAAA200B-8007-AAAA-0123-456789ABCDEF}.Debug DLL libcrt|x64.ActiveCfg = Debug DLL libcrt|x64
		{AAAA200B-8007-AAAA-0123-456789ABCDEF}.Debug DLL libcrt|x64.Build.0 = Debug DLL libcrt|x64
		{AAAA200B-8007-AAAA-0123-456789ABCDEF}.Debug Library libcmt|Win32.ActiveCfg = Debug Library libcmt|Win32
		{AAAA200B-8007-AAAA-0123-456789ABCDEF}.Debug Library libcmt|Win32.Build.0 = Debug Library libcmt|Win32
		{AAAA200B-8007-AAAA-0123-456789ABCDEF}.Debug Library libcmt|x64.ActiveCfg = Debug Library libcmt|x64
		{AAAA200B-8007-AAAA-0123-456789ABCDEF}.Debug Library libcmt|x64.Build.0 = Debug Library libcmt|x64
		{AAAA200B-8007-AAAA-0123-456789ABCDEF}.Debug Library libcrt|Win32.ActiveCfg = Debug Library libcrt|Win32
		{AAAA200B-8007-AAAA-0123-456789ABCDEF}.Debug Library libcrt|Win32.Build.0 = Debug Library libcrt|Win32
		{AAAA200B-8007-AAAA-0123-456789ABCDEF}.Debug Library libcrt|x64.ActiveCfg = Debug Library libcrt|x64
		{AAAA200B-8007-AAAA-0123-456789ABCDEF}.Debug Library libcrt|x64.Build.0 = Debug Library libcrt|x64
		{AAAA200B-8007-AAAA-0123-456789ABCDEF}.Release DLL libcmt|Win32.ActiveCfg = Release DLL libcmt|Win32
		{AAAA200B-8007-AAAA-0123-456789ABCDEF}.Release DLL libcmt|Win32.Build.0 = Release DLL libcmt|Win32
		{AAAA200B-8007-AAAA-0123-456789ABCDEF}.Release DLL libcmt|x64.ActiveCfg = Release DLL libcmt|x64
		{AAAA200B-8007-AAAA-0123-456789ABCDEF}.Release DLL libcmt|x64.Build.0 = Release DLL libcmt|x64
		{AAAA200B-8007-AAAA-0123-456789ABCDEF}.Release DLL libcrt|Win32.ActiveCfg = Release DLL libcrt|Win32
		{AAAA200B-8007-AAAA-0123-456789ABCDEF}.Release DLL libcrt|Win32.Build.0 = Release DLL libcrt|Win32
		{AAAA200B-8007-AAAA-0123-456789ABCDEF}.Release DLL libcrt|x64.ActiveCfg = Release DLL libcrt|x64
		{AAAA200B-8007-AAAA-0123-456789ABCDEF}.Release DLL libcrt|x64.Build.0 = Release DLL libcrt|x64
		{AAAA200B-8007-AAAA-0123-456789ABCDEF}.Release Library libcmt|Win32.ActiveCfg = Release Library libcmt|Win32
		{AAAA200B-8007-AAAA-0123-456789ABCDEF}.Release Library libcmt|Win32.Build.0 = Release Library libcmt|Win32
		{AAAA200B-8007-AAAA-0123-456789ABCDEF}.Release Library libcmt|x64.ActiveCfg = Release Library libcmt|x64
		{AAAA200B-8007-AAAA-0123-456789ABCDEF}.Release Library libcmt|x64.Build.0 = Release Library libcmt|x64
		{AAAA200B-8007-AAAA-0123-456789ABCDEF}.Release Library libcrt|Win32.ActiveCfg = Release Library libcrt|Win32
		{AAAA200B-8007-AAAA-0123-456789ABCDEF}.Release Library libcrt|Win32.Build.0 = Release Library libcrt|Win32
		{AAAA200B-8007-AAAA-0123-456789ABCDEF}.Release Library libcrt|x64.ActiveCfg = Release Library libcrt|x64
		{AAAA200B-8007-AAAA-0123-456789ABCDEF}.Release Library libcrt|x64.Build.0 = Release Library libcrt|x64
		{AAAA200B-8008-AAAA-0123-456789ABCDEF}.Debug DLL libcmt|Win32.ActiveCfg = Debug DLL libcmt|Win32
		{AAAA200B-8008-AAAA-0123-456789ABCDEF}.Debug DLL libcmt|Win32.Build.0 = Debug DLL libcmt|Win32
		{AAAA200B-8008-AAAA-0123-456789ABCDEF}.Debug DLL libcmt|x64.ActiveCfg = Debug DLL libcmt|x64
		{AAAA200B-8008-AAAA-0123-456789ABCDEF}.Debug DLL libcmt|x64.Build.0 = Debug DLL libcmt|x64
		{AAAA200B-8008-AAAA-0123-456789ABCDEF}.Debug DLL libcrt|Win32.ActiveCfg = Debug DLL libcrt|Win32
		{AAAA200B-8008-AAAA-0123-456789ABCDEF}.Debug DLL libcrt|Win32.Build.0 = Debug DLL libcrt|Win32
		{AAAA200B-8008-AAAA-0123-456789ABCDEF}.Debug DLL libcrt|x64.ActiveCfg = Debug DLL libcrt|x64
		{AAAA200B-8008-AAAA-0123-456789ABCDEF}.Debug DLL libcrt|x64.Build.0 = Debug DLL libcrt|x64
		{AAAA200B-8008-AAAA-0123-456789ABCDEF}.Debug Library libcmt|Win32.ActiveCfg = Debug Library libcmt|Win32
		{AAAA200B-8008-AAAA-0123-456789ABCDEF}.Debug Library libcmt|Win32.Build.0 = Debug Library libcmt|Win32
		{AAAA200B-8008-AAAA-0123-456789ABCDEF}.Debug Library libcmt|x64.ActiveCfg = Debug Library libcmt|x64
		{AAAA200B-8008-AAAA-0123-456789ABCDEF}.Debug Library libcmt|x64.Build.0 = Debug Library libcmt|x64
		{AAAA200B-8008-AAAA-0123-456789ABCDEF}.Debug Library libcrt|Win32.ActiveCfg = Debug Library libcrt|Win32
		{AAAA200B-8008-AAAA-0123-456789ABCDEF}.Debug Library libcrt|Win32.Build.0 = Debug Library libcrt|Win32
		{AAAA200B-8008-AAAA-0123-456789ABCDEF}.Debug Library libcrt|x64.ActiveCfg = Debug Library libcrt|x64
		{AAAA200B-8008-AAAA-0123-456789ABCDEF}.Debug Library libcrt|x64.Build.0 = Debug Library libcrt|x64
		{AAAA200B-8008-AAAA-0123-456789ABCDEF}.Release DLL libcmt|Win32.ActiveCfg = Release DLL libcmt|Win32
		{AAAA200B-8008-AAAA-0123-456789ABCDEF}.Release DLL libcmt|Win32.Build.0 = Release DLL libcmt|Win32
		{AAAA200B-8008-AAAA-0123-456789ABCDEF}.Release DLL libcmt|x64.ActiveCfg = Release DLL libcmt|x64
		{AAAA200B-8008-AAAA-0123-456789ABCDEF}.Release DLL libcmt|x64.Build.0 = Release DLL libcmt|x64
		{AAAA200B-8008-AAAA-0123-456789ABCDEF}.Release DLL libcrt|Win32.ActiveCfg = Release DLL libcrt|Win32
		{AAAA200B-8008-AAAA-0123-456789ABCDEF}.Release DLL libcrt|Win32.Build.0 = Release DLL libcrt|Win32
		{AAAA200B-8008-AAAA-0123-456789ABCDEF}.Release DLL libcrt|x64.ActiveCfg = Release DLL libcrt|x64
		{AAAA200B-8008-AAAA-0123-456789ABCDEF}.Release DLL libcrt|x64.Build.0 = Release DLL libcrt|x64
		{AAAA200B-8008-AAAA-0123-456789ABCDEF}.Release Library libcmt|Win32.ActiveCfg = Release Library libcmt|Win32
		{AAAA200B-8008-AAAA-0123-456789ABCDEF}.Release Library libcmt|Win32.Build.0 = Release Library libcmt|Win32
		{AAAA200B-8008-AAAA-0123-456789ABCDEF}.Release Library libcmt|x64.ActiveCfg = Release Library libcmt|x64
		{AAAA200B-8008-AAAA-0123-456789ABCDEF}.Release Library libcmt|x64.Build.0 = Release Library libcmt|x64
		{AAAA200B-8008-AAAA-0123-456789ABCDEF}.Release Library libcrt|Win32.ActiveCfg = Release Library libcrt|Win32
		{AAAA200B-8008-AAAA-0123-456789ABCDEF}.Release Library libcrt|Win32.Build.0 = Release Library libcrt|Win32
		{AAAA200B-8008-AAAA-0123-456789ABCDEF}.Release Library libcrt|x64.ActiveCfg = Release Library libcrt|x64
		{AAAA200B-8008-AAAA-0123-456789ABCDEF}.Release Library libcrt|x64.Build.0 = Release Library libcrt|x64
		{AAAA200B-8009-AAAA-0123-456789ABCDEF}.Debug DLL libcmt|Win32.ActiveCfg = Debug DLL libcmt|Win32
		{AAAA200B-8009-AAAA-0123-456789ABCDEF}.Debug DLL libcmt|Win32.Build.0 = Debug DLL libcmt|Win32
		{AAAA200B-8009-AAAA-0123-456789ABCDEF}.Debug DLL libcmt|x64.ActiveCfg = Debug DLL libcmt|x64
		{AAAA200B-8009-AAAA-0123-456789ABCDEF}.Debug DLL libcmt|x64.Build.0 = Debug DLL libcmt|x64
		{AAAA200B-8009-AAAA-0123-456789ABCDEF}.Debug DLL libcrt|Win32.ActiveCfg = Debug DLL libcrt|Win32
		{AAAA200B-8009-AAAA-0123-456789ABCDEF}.Debug DLL libcrt|Win32.Build.0 = Debug DLL libcrt|Win32
		{AAAA200B-8009-AAAA-0123-456789ABCDEF}.Debug DLL libcrt|x64.ActiveCfg = Debug DLL libcrt|x64
		{AAAA200B-8009-AAAA-0123-456789ABCDEF}.Debug DLL libcrt|x64.Build.0 = Debug DLL libcrt|x64
		{AAAA200B-8009-AAAA-0123-456789ABCDEF}.Debug Library libcmt|Win32.ActiveCfg = Debug Library libcmt|Win32
		{AAAA200B-8009-AAAA-0123-456789ABCDEF}.Debug Library libcmt|Win32.Build.0 = Debug Library libcmt|Win32
		{AAAA200B-8009-AAAA-0123-456789ABCDEF}.Debug Library libcmt|x64.ActiveCfg = Debug Library libcmt|x64
		{AAAA200B-8009-AAAA-0123-456789ABCDEF}.Debug Library libcmt|x64.Build.0 = Debug Library libcmt|x64
		{AAAA200B-8009-AAAA-0123-456789ABCDEF}.Debug Library libcrt|Win32.ActiveCfg = Debug Library libcrt|Win32
		{AAAA200B-8009-AAAA-0123-456789ABCDEF}.Debug Library libcrt|Win32.Build.0 = Debug Library libcrt|Win32
		{AAAA200B-8009-AAAA-0123-456789ABCDEF}.Debug Library libcrt|x64.ActiveCfg = Debug Library libcrt|x64
		{AAAA200B-8009-AAAA-0123-456789ABCDEF}.Debug Library libcrt|x64.Build.0 = Debug Library libcrt|x64
		{AAAA200B-8009-AAAA-0123-456789ABCDEF}.Release DLL libcmt|Win32.ActiveCfg = Release DLL libcmt|Win32
		{AAAA200B-8009-AAAA-0123-456789ABCDEF}.Release DLL libcmt|Win32.Build.0 = Release DLL libcmt|Win32
		{AAAA200B-8009-AAAA-0123-456789ABCDEF}.Release DLL libcmt|x64.ActiveCfg = Release DLL libcmt|x64
		{AAAA200B-8009-AAAA-0123-456789ABCDEF}.Release DLL libcmt|x64.Build.0 = Release DLL libcmt|x64
		{AAAA200B-8009-AAAA-0123-456789ABCDEF}.Release DLL libcrt|Win32.ActiveCfg = Release DLL libcrt|Win32
		{AAAA200B-8009-AAAA-0123-456789ABCDEF}.Release DLL libcrt|Win32.Build.0 = Release DLL libcrt|Win32
		{AAAA200B-8009-AAAA-0123-456789ABCDEF}.Release DLL libcrt|x64.ActiveCfg = Release DLL libcrt|x64
		{AAAA200B-8009-AAAA-0123-456789ABCDEF}.Release DLL libcrt|x64.Build.0 = Release DLL libcrt|x64
		{AAAA200B-8009-AAAA-0123-456789ABCDEF}.Release Library libcmt|Win32.ActiveCfg = Release Library libcmt|Win32
		{AAAA200B-8009-AAAA-0123-456789ABCDEF}.Release Library libcmt|Win32.Build.0 = Release Library libcmt|Win32
		{AAAA200B-8009-AAAA-0123-456789ABCDEF}.Release Library libcmt|x64.ActiveCfg = Release Library libcmt|x64
		{AAAA200B-8009-AAAA-0123-456789ABCDEF}.Release Library libcmt|x64.Build.0 = Release Library libcmt|x64
		{AAAA200B-8009-AAAA-0123-456789ABCDEF}.Release Library libcrt|Win32.ActiveCfg = Release Library libcrt|Win32
		{AAAA200B-8009-AAAA-0123-456789ABCDEF}.Release Library libcrt|Win32.Build.0 = Release Library libcrt|Win32
		{AAAA200B-8009-AAAA-0123-456789ABCDEF}.Release Library libcrt|x64.ActiveCfg = Release Library libcrt|x64
		{AAAA200B-8009-AAAA-0123-456789ABCDEF}.Release Library libcrt|x64.Build.0 = Release Library libcrt|x64
		{AAAA200B-800A-AAAA-0123-456789ABCDEF}.Debug DLL libcmt|Win32.ActiveCfg = Debug DLL libcmt|Win32
		{AAAA200B-800A-AAAA-0123-456789ABCDEF}.Debug DLL libcmt|Win32.Build.0 = Debug DLL libcmt|Win32
		{AAAA200B-800A-AAAA-0123-456789ABCDEF}.Debug DLL libcmt|x64.ActiveCfg = Debug DLL libcmt|x64
		{AAAA200B-800A-AAAA-0123-456789ABCDEF}.Debug DLL libcmt|x64.Build.0 = Debug DLL libcmt|x64
		{AAAA200B-800A-AAAA-0123-456789ABCDEF}.Debug DLL libcrt|Win32.ActiveCfg = Debug DLL libcrt|Win32
		{AAAA200B-800A-AAAA-0123-456789ABCDEF}.Debug DLL libcrt|Win32.Build.0 = Debug DLL libcrt|Win32
		{AAAA200B-800A-AAAA-0123-456789ABCDEF}.Debug DLL libcrt|x64.ActiveCfg = Debug DLL libcrt|x64
		{AAAA200B-800A-AAAA-0123-456789ABCDEF}.Debug DLL libcrt|x64.Build.0 = Debug DLL libcrt|x64
		{AAAA200B-800A-AAAA-0123-456789ABCDEF}.Debug Library libcmt|Win32.ActiveCfg = Debug Library libcmt|Win32
		{AAAA200B-800A-AAAA-0123-456789ABCDEF}.Debug Library libcmt|Win32.Build.0 = Debug Library libcmt|Win32
		{AAAA200B-800A-AAAA-0123-456789ABCDEF}.Debug Library libcmt|x64.ActiveCfg = Debug Library libcmt|x64
		{AAAA200B-800A-AAAA-0123-456789ABCDEF}.Debug Library libcmt|x64.Build.0 = Debug Library libcmt|x64
		{AAAA200B-800A-AAAA-0123-456789ABCDEF}.Debug Library libcrt|Win32.ActiveCfg = Debug Library libcrt|Win32
		{AAAA200B-800A-AAAA-0123-456789ABCDEF}.Debug Library libcrt|Win32.Build.0 = Debug Library libcrt|Win32
		{AAAA200B-800A-AAAA-0123-456789ABCDEF}.Debug Library libcrt|x64.ActiveCfg = Debug Library libcrt|x64
		{AAAA200B-800A-AAAA-0123-456789ABCDEF}.Debug Library libcrt|x64.Build.0 = Debug Library libcrt|x64
		{AAAA200B-800A-AAAA-0123-456789ABCDEF}.Release DLL libcmt|Win32.ActiveCfg = Release DLL libcmt|Win32
		{AAAA200B-800A-AAAA-0123-456789ABCDEF}.Release DLL libcmt|Win32.Build.0 = Release DLL libcmt|Win32
		{AAAA200B-800A-AAAA-0123-456789ABCDEF}.Release DLL libcmt|x64.ActiveCfg = Release DLL libcmt|x64
		{AAAA200B-800A-AAAA-0123-456789ABCDEF}.Release DLL libcmt|x64.Build.0 = Release DLL libcmt|x64
		{AAAA200B-800A-AAAA-0123-456789ABCDEF}.Release DLL libcrt|Win32.ActiveCfg = Release DLL libcrt|Win32
		{AAAA200B-800A-AAAA-0123-456789ABCDEF}.Release DLL libcrt|Win32.Build.0 = Release DLL libcrt|Win32
		{AAAA200B-800A-AAAA-0123-456789ABCDEF}.Release DLL libcrt|x64.ActiveCfg = Release DLL libcrt|x64
		{AAAA200B-800A-AAAA-0123-456789ABCDEF}.Release DLL libcrt|x64.Build.0 = Release DLL libcrt|x64
		{AAAA200B-800A-AAAA-0123-456789ABCDEF}.Release Library libcmt|Win32.ActiveCfg = Release Library libcmt|Win32
		{AAAA200B-800A-AAAA-0123-456789ABCDEF}.Release Library libcmt|Win32.Build.0 = Release Library libcmt|Win32
		{AAAA200B-800A-AAAA-0123-456789ABCDEF}.Release Library libcmt|x64.ActiveCfg = Release Library libcmt|x64
		{AAAA200B-800A-AAAA-0123-456789ABCDEF}.Release Library libcmt|x64.Build.0 = Release Library libcmt|x64
		{AAAA200B-800A-AAAA-0123-456789ABCDEF}.Release Library libcrt|Win32.ActiveCfg = Release Library libcrt|Win32
		{AAAA200B-800A-AAAA-0123-456789ABCDEF}.Release Library libcrt|Win32.Build.0 = Release Library libcrt|Win32
		{AAAA200B-800A-AAAA-0123-456789ABCDEF}.Release Library libcrt|x64.ActiveCfg = Release Library libcrt|x64
		{AAAA200B-800A-AAAA-0123-456789ABCDEF}.Release Library libcrt|x64.Build.0 = Release Library libcrt|x64
		{AAAA200C-8001-AAAA-0123-456789ABCDEF}.Debug DLL libcmt|Win32.ActiveCfg = Debug DLL libcmt|Win32
		{AAAA200C-8001-AAAA-0123-456789ABCDEF}.Debug DLL libcmt|Win32.Build.0 = Debug DLL libcmt|Win32
		{AAAA200C-8001-AAAA-0123-456789ABCDEF}.Debug DLL libcmt|x64.ActiveCfg = Debug DLL libcmt|x64
		{AAAA200C-8001-AAAA-0123-456789ABCDEF}.Debug DLL libcmt|x64.Build.0 = Debug DLL libcmt|x64
		{AAAA200C-8001-AAAA-0123-456789ABCDEF}.Debug DLL libcrt|Win32.ActiveCfg = Debug DLL libcrt|Win32
		{AAAA200C-8001-AAAA-0123-456789ABCDEF}.Debug DLL libcrt|Win32.Build.0 = Debug DLL libcrt|Win32
		{AAAA200C-8001-AAAA-0123-456789ABCDEF}.Debug DLL libcrt|x64.ActiveCfg = Debug DLL libcrt|x64
		{AAAA200C-8001-AAAA-0123-456789ABCDEF}.Debug DLL libcrt|x64.Build.0 = Debug DLL libcrt|x64
		{AAAA200C-8001-AAAA-0123-456789ABCDEF}.Debug Library libcmt|Win32.ActiveCfg = Debug Library libcmt|Win32
		{AAAA200C-8001-AAAA-0123-456789ABCDEF}.Debug Library libcmt|Win32.Build.0 = Debug Library libcmt|Win32
		{AAAA200C-8001-AAAA-0123-456789ABCDEF}.Debug Library libcmt|x64.ActiveCfg = Debug Library libcmt|x64
		{AAAA200C-8001-AAAA-0123-456789ABCDEF}.Debug Library libcmt|x64.Build.0 = Debug Library libcmt|x64
		{AAAA200C-8001-AAAA-0123-456789ABCDEF}.Debug Library libcrt|Win32.ActiveCfg = Debug Library libcrt|Win32
		{AAAA200C-8001-AAAA-0123-456789ABCDEF}.Debug Library libcrt|Win32.Build.0 = Debug Library libcrt|Win32
		{AAAA200C-8001-AAAA-0123-456789ABCDEF}.Debug Library libcrt|x64.ActiveCfg = Debug Library libcrt|x64
		{AAAA200C-8001-AAAA-0123-456789ABCDEF}.Debug Library libcrt|x64.Build.0 = Debug Library libcrt|x64
		{AAAA200C-8001-AAAA-0123-456789ABCDEF}.Release DLL libcmt|Win32.ActiveCfg = Release DLL libcmt|Win32
		{AAAA200C-8001-AAAA-0123-456789ABCDEF}.Release DLL libcmt|Win32.Build.0 = Release DLL libcmt|Win32
		{AAAA200C-8001-AAAA-0123-456789ABCDEF}.Release DLL libcmt|x64.ActiveCfg = Release DLL libcmt|x64
		{AAAA200C-8001-AAAA-0123-456789ABCDEF}.Release DLL libcmt|x64.Build.0 = Release DLL libcmt|x64
		{AAAA200C-8001-AAAA-0123-456789ABCDEF}.Release DLL libcrt|Win32.ActiveCfg = Release DLL libcrt|Win32
		{AAAA200C-8001-AAAA-0123-456789ABCDEF}.Release DLL libcrt|Win32.Build.0 = Release DLL libcrt|Win32
		{AAAA200C-8001-AAAA-0123-456789ABCDEF}.Release DLL libcrt|x64.ActiveCfg = Release DLL libcrt|x64
		{AAAA200C-8001-AAAA-0123-456789ABCDEF}.Release DLL libcrt|x64.Build.0 = Release DLL libcrt|x64
		{AAAA200C-8001-AAAA-0123-456789ABCDEF}.Release Library libcmt|Win32.ActiveCfg = Release Library libcmt|Win32
		{AAAA200C-8001-AAAA-0123-456789ABCDEF}.Release Library libcmt|Win32.Build.0 = Release Library libcmt|Win32
		{AAAA200C-8001-AAAA-0123-456789ABCDEF}.Release Library libcmt|x64.ActiveCfg = Release Library libcmt|x64
		{AAAA200C-8001-AAAA-0123-456789ABCDEF}.Release Library libcmt|x64.Build.0 = Release Library libcmt|x64
		{AAAA200C-8001-AAAA-0123-456789ABCDEF}.Release Library libcrt|Win32.ActiveCfg = Release Library libcrt|Win32
		{AAAA200C-8001-AAAA-0123-456789ABCDEF}.Release Library libcrt|Win32.Build.0 = Release Library libcrt|Win32
		{AAAA200C-8001-AAAA-0123-456789ABCDEF}.Release Library libcrt|x64.ActiveCfg = Release Library libcrt|x64
		{AAAA200C-8001-AAAA-0123-456789ABCDEF}.Release Library libcrt|x64.Build.0 = Release Library libcrt|x64
		{AAAA200D-8001-AAAA-0123-456789ABCDEF}.Debug DLL libcmt|Win32.ActiveCfg = Debug Library libcmt|Win32
		{AAAA200D-8001-AAAA-0123-456789ABCDEF}.Debug DLL libcmt|x64.ActiveCfg = Debug Library libcmt|x64
		{AAAA200D-8001-AAAA-0123-456789ABCDEF}.Debug DLL libcrt|Win32.ActiveCfg = Debug Library libcrt|Win32
		{AAAA200D-8001-AAAA-0123-456789ABCDEF}.Debug DLL libcrt|x64.ActiveCfg = Debug Library libcrt|x64
		{AAAA200D-8001-AAAA-0123-456789ABCDEF}.Debug Library libcmt|Win32.ActiveCfg = Debug Library libcmt|Win32
		{AAAA200D-8001-AAAA-0123-456789ABCDEF}.Debug Library libcmt|Win32.Build.0 = Debug Library libcmt|Win32
		{AAAA200D-8001-AAAA-0123-456789ABCDEF}.Debug Library libcmt|x64.ActiveCfg = Debug Library libcmt|x64
		{AAAA200D-8001-AAAA-0123-456789ABCDEF}.Debug Library libcmt|x64.Build.0 = Debug Library libcmt|x64
		{AAAA200D-8001-AAAA-0123-456789ABCDEF}.Debug Library libcrt|Win32.ActiveCfg = Debug Library libcrt|Win32
		{AAAA200D-8001-AAAA-0123-456789ABCDEF}.Debug Library libcrt|Win32.Build.0 = Debug Library libcrt|Win32
		{AAAA200D-8001-AAAA-0123-456789ABCDEF}.Debug Library libcrt|x64.ActiveCfg = Debug Library libcrt|x64
		{AAAA200D-8001-AAAA-0123-456789ABCDEF}.Debug Library libcrt|x64.Build.0 = Debug Library libcrt|x64
		{AAAA200D-8001-AAAA-0123-456789ABCDEF}.Release DLL libcmt|Win32.ActiveCfg = Release Library libcmt|Win32
		{AAAA200D-8001-AAAA-0123-456789ABCDEF}.Release DLL libcmt|x64.ActiveCfg = Release Library libcmt|x64
		{AAAA200D-8001-AAAA-0123-456789ABCDEF}.Release DLL libcrt|Win32.ActiveCfg = Release Library libcrt|Win32
		{AAAA200D-8001-AAAA-0123-456789ABCDEF}.Release DLL libcrt|x64.ActiveCfg = Release Library libcrt|x64
		{AAAA200D-8001-AAAA-0123-456789ABCDEF}.Release Library libcmt|Win32.ActiveCfg = Release Library libcmt|Win32
		{AAAA200D-8001-AAAA-0123-456789ABCDEF}.Release Library libcmt|Win32.Build.0 = Release Library libcmt|Win32
		{AAAA200D-8001-AAAA-0123-456789ABCDEF}.Release Library libcmt|x64.ActiveCfg = Release Library libcmt|x64
		{AAAA200D-8001-AAAA-0123-456789ABCDEF}.Release Library libcmt|x64.Build.0 = Release Library libcmt|x64
		{AAAA200D-8001-AAAA-0123-456789ABCDEF}.Release Library libcrt|Win32.ActiveCfg = Release Library libcrt|Win32
		{AAAA200D-8001-AAAA-0123-456789ABCDEF}.Release Library libcrt|Win32.Build.0 = Release Library libcrt|Win32
		{AAAA200D-8001-AAAA-0123-456789ABCDEF}.Release Library libcrt|x64.ActiveCfg = Release Library libcrt|x64
		{AAAA200D-8001-AAAA-0123-456789ABCDEF}.Release Library libcrt|x64.Build.0 = Release Library libcrt|x64
	EndGlobalSection
	GlobalSection(SolutionProperties) = preSolution
		HideSolutionNode = FALSE
	EndGlobalSection
	GlobalSection(NestedProjects) = preSolution
		{AAAA1001-0000-AAAA-0123-456789ABCDEF} = {AAAA1000-0000-AAAA-0123-456789ABCDEF}
		{AAAA1002-0000-AAAA-0123-456789ABCDEF} = {AAAA1000-0000-AAAA-0123-456789ABCDEF}
		{AAAA1003-0000-AAAA-0123-456789ABCDEF} = {AAAA1000-0000-AAAA-0123-456789ABCDEF}
		{AAAA2001-0000-AAAA-0123-456789ABCDEF} = {AAAA2000-0000-AAAA-0123-456789ABCDEF}
		{AAAA2002-0000-AAAA-0123-456789ABCDEF} = {AAAA2000-0000-AAAA-0123-456789ABCDEF}
		{AAAA2004-0000-AAAA-0123-456789ABCDEF} = {AAAA2000-0000-AAAA-0123-456789ABCDEF}
		{AAAA2006-0000-AAAA-0123-456789ABCDEF} = {AAAA2000-0000-AAAA-0123-456789ABCDEF}
		{AAAA200B-0000-AAAA-0123-456789ABCDEF} = {AAAA2000-0000-AAAA-0123-456789ABCDEF}
		{AAAA200C-0000-AAAA-0123-456789ABCDEF} = {AAAA2000-0000-AAAA-0123-456789ABCDEF}
		{AAAA200D-0000-AAAA-0123-456789ABCDEF} = {AAAA2000-0000-AAAA-0123-456789ABCDEF}
		{AAAA1001-8001-AAAA-0123-456789ABCDEF} = {AAAA1001-0000-AAAA-0123-456789ABCDEF}
		{AAAA1002-8001-AAAA-0123-456789ABCDEF} = {AAAA1002-0000-AAAA-0123-456789ABCDEF}
		{AAAA1003-8001-AAAA-0123-456789ABCDEF} = {AAAA1003-0000-AAAA-0123-456789ABCDEF}
		{AAAA2001-8001-AAAA-0123-456789ABCDEF} = {AAAA2001-0000-AAAA-0123-456789ABCDEF}
		{AAAA2002-8001-AAAA-0123-456789ABCDEF} = {AAAA2002-0000-AAAA-0123-456789ABCDEF}
		{AAAA2004-8001-AAAA-0123-456789ABCDEF} = {AAAA2004-0000-AAAA-0123-456789ABCDEF}
		{AAAA2004-8002-AAAA-0123-456789ABCDEF} = {AAAA2004-0000-AAAA-0123-456789ABCDEF}
		{AAAA2006-8001-AAAA-0123-456789ABCDEF} = {AAAA2006-0000-AAAA-0123-456789ABCDEF}
		{AAAA200B-8001-AAAA-0123-456789ABCDEF} = {AAAA200B-0000-AAAA-0123-456789ABCDEF}
		{AAAA200B-8002-AAAA-0123-456789ABCDEF} = {AAAA200B-0000-AAAA-0123-456789ABCDEF}
		{AAAA200B-8003-AAAA-0123-456789ABCDEF} = {AAAA200B-0000-AAAA-0123-456789ABCDEF}
		{AAAA200B-8004-AAAA-0123-456789ABCDEF} = {AAAA200B-0000-AAAA-0123-456789ABCDEF}
		{AAAA200B-8005-AAAA-0123-456789ABCDEF} = {AAAA200B-0000-AAAA-0123-456789ABCDEF}
		{AAAA200B-8006-AAAA-0123-456789ABCDEF} = {AAAA200B-0000-AAAA-0123-456789ABCDEF}
		{AAAA200B-8007-AAAA-0123-456789ABCDEF} = {AAAA200B-0000-AAAA-0123-456789ABCDEF}
		{AAAA200B-8008-AAAA-0123-456789ABCDEF} = {AAAA200B-0000-AAAA-0123-456789ABCDEF}
		{AAAA200B-8009-AAAA-0123-456789ABCDEF} = {AAAA200B-0000-AAAA-0123-456789ABCDEF}
		{AAAA200B-800A-AAAA-0123-456789ABCDEF} = {AAAA200B-0000-AAAA-0123-456789ABCDEF}
		{AAAA200C-8001-AAAA-0123-456789ABCDEF} = {AAAA200C-0000-AAAA-0123-456789ABCDEF}
		{AAAA200D-8001-AAAA-0123-456789ABCDEF} = {AAAA200D-0000-AAAA-0123-456789ABCDEF}
	EndGlobalSection
EndGlobal
